// !$*UTF8*$!
{
	archiveVersion = 1;
	classes = {
	};
	objectVersion = 52;
	objects = {

/* Begin PBXBuildFile section */
		133BCF8424165A81006F5C6D /* PopularActorCell.swift in Sources */ = {isa = PBXBuildFile; fileRef = 133BCF8324165A81006F5C6D /* PopularActorCell.swift */; };
		133BCF8624165B53006F5C6D /* ActorViewModel.swift in Sources */ = {isa = PBXBuildFile; fileRef = 133BCF8524165B53006F5C6D /* ActorViewModel.swift */; };
		133BCF8A24174A5A006F5C6D /* MovieListViewModel.swift in Sources */ = {isa = PBXBuildFile; fileRef = 133BCF8924174A5A006F5C6D /* MovieListViewModel.swift */; };
		133BCF8C24176D23006F5C6D /* MovieBundle.swift in Sources */ = {isa = PBXBuildFile; fileRef = 133BCF8B24176D23006F5C6D /* MovieBundle.swift */; };
		133BCFC224192793006F5C6D /* Response.swift in Sources */ = {isa = PBXBuildFile; fileRef = 133BCFC124192793006F5C6D /* Response.swift */; };
		133BCFC5241B3862006F5C6D /* LoadingView.swift in Sources */ = {isa = PBXBuildFile; fileRef = 133BCFC4241B3862006F5C6D /* LoadingView.swift */; };
		13698751241F552F008A7E49 /* SingleMovieView.swift in Sources */ = {isa = PBXBuildFile; fileRef = 13698750241F552F008A7E49 /* SingleMovieView.swift */; };
		13698753241F5851008A7E49 /* MovieDetailView.swift in Sources */ = {isa = PBXBuildFile; fileRef = 13698752241F5851008A7E49 /* MovieDetailView.swift */; };
		13698756242211E0008A7E49 /* ColorExt.swift in Sources */ = {isa = PBXBuildFile; fileRef = 13698755242211E0008A7E49 /* ColorExt.swift */; };
		1369875824222BBF008A7E49 /* Credits.swift in Sources */ = {isa = PBXBuildFile; fileRef = 1369875724222BBF008A7E49 /* Credits.swift */; };
		1369875A24223041008A7E49 /* SecMovieCollectionView.swift in Sources */ = {isa = PBXBuildFile; fileRef = 1369875924223041008A7E49 /* SecMovieCollectionView.swift */; };
		1369875C24232218008A7E49 /* Image.swift in Sources */ = {isa = PBXBuildFile; fileRef = 1369875B24232218008A7E49 /* Image.swift */; };
		13698764242359C0008A7E49 /* CrewViewModel.swift in Sources */ = {isa = PBXBuildFile; fileRef = 13698763242359C0008A7E49 /* CrewViewModel.swift */; };
		13698766242359CD008A7E49 /* ImageViewModel.swift in Sources */ = {isa = PBXBuildFile; fileRef = 13698765242359CD008A7E49 /* ImageViewModel.swift */; };
		1369876824235F85008A7E49 /* CastViewModel.swift in Sources */ = {isa = PBXBuildFile; fileRef = 1369876724235F85008A7E49 /* CastViewModel.swift */; };
		1369876A2423693D008A7E49 /* CrewCell.swift in Sources */ = {isa = PBXBuildFile; fileRef = 136987692423693D008A7E49 /* CrewCell.swift */; };
		1369876C24236A16008A7E49 /* CastCell.swift in Sources */ = {isa = PBXBuildFile; fileRef = 1369876B24236A16008A7E49 /* CastCell.swift */; };
		1369876E24236A56008A7E49 /* ImageCell.swift in Sources */ = {isa = PBXBuildFile; fileRef = 1369876D24236A56008A7E49 /* ImageCell.swift */; };
		1369877024236AD6008A7E49 /* RecMovieCell.swift in Sources */ = {isa = PBXBuildFile; fileRef = 1369876F24236AD6008A7E49 /* RecMovieCell.swift */; };
		138655992414B7D7009DC6C7 /* Movie.swift in Sources */ = {isa = PBXBuildFile; fileRef = 138655982414B7D7009DC6C7 /* Movie.swift */; };
		1386559B2414B80D009DC6C7 /* Actor.swift in Sources */ = {isa = PBXBuildFile; fileRef = 1386559A2414B80D009DC6C7 /* Actor.swift */; };
		1386559F2414BBF0009DC6C7 /* APIKeys.swift in Sources */ = {isa = PBXBuildFile; fileRef = 1386559E2414BBF0009DC6C7 /* APIKeys.swift */; };
		138655A42414C7BF009DC6C7 /* TMDBClient.swift in Sources */ = {isa = PBXBuildFile; fileRef = 138655A32414C7BF009DC6C7 /* TMDBClient.swift */; };
		138655A724151358009DC6C7 /* WebService.swift in Sources */ = {isa = PBXBuildFile; fileRef = 138655A624151358009DC6C7 /* WebService.swift */; };
		138655AA2415F992009DC6C7 /* NowPlayingCell.swift in Sources */ = {isa = PBXBuildFile; fileRef = 138655A92415F992009DC6C7 /* NowPlayingCell.swift */; };
		138655AC2415F9B4009DC6C7 /* PopularCell.swift in Sources */ = {isa = PBXBuildFile; fileRef = 138655AB2415F9B4009DC6C7 /* PopularCell.swift */; };
		138655AE2415F9BD009DC6C7 /* UpcomingCell.swift in Sources */ = {isa = PBXBuildFile; fileRef = 138655AD2415F9BD009DC6C7 /* UpcomingCell.swift */; };
		138655B02415F9CA009DC6C7 /* HeaderView.swift in Sources */ = {isa = PBXBuildFile; fileRef = 138655AF2415F9CA009DC6C7 /* HeaderView.swift */; };
		138655B22415F9DE009DC6C7 /* MovieCollectionView.swift in Sources */ = {isa = PBXBuildFile; fileRef = 138655B12415F9DE009DC6C7 /* MovieCollectionView.swift */; };
		138655EE2415FFD0009DC6C7 /* thegrudge_land.jpg in Resources */ = {isa = PBXBuildFile; fileRef = 138655B42415FFC6009DC6C7 /* thegrudge_land.jpg */; };
		138655EF2415FFD0009DC6C7 /* rambo.jpg in Resources */ = {isa = PBXBuildFile; fileRef = 138655B52415FFC6009DC6C7 /* rambo.jpg */; };
		138655F02415FFD0009DC6C7 /* choyeo.jpg in Resources */ = {isa = PBXBuildFile; fileRef = 138655B62415FFC6009DC6C7 /* choyeo.jpg */; };
		138655F12415FFD0009DC6C7 /* justmercy.jpg in Resources */ = {isa = PBXBuildFile; fileRef = 138655B72415FFC7009DC6C7 /* justmercy.jpg */; };
		138655F22415FFD0009DC6C7 /* frozen2_land.jpg in Resources */ = {isa = PBXBuildFile; fileRef = 138655B82415FFC7009DC6C7 /* frozen2_land.jpg */; };
		138655F32415FFD0009DC6C7 /* cats.jpg in Resources */ = {isa = PBXBuildFile; fileRef = 138655B92415FFC7009DC6C7 /* cats.jpg */; };
		138655F42415FFD0009DC6C7 /* 1917.jpg in Resources */ = {isa = PBXBuildFile; fileRef = 138655BA2415FFC7009DC6C7 /* 1917.jpg */; };
		138655F52415FFD0009DC6C7 /* thesongofnames.jpg in Resources */ = {isa = PBXBuildFile; fileRef = 138655BB2415FFC7009DC6C7 /* thesongofnames.jpg */; };
		138655F62415FFD0009DC6C7 /* ipman4.jpg in Resources */ = {isa = PBXBuildFile; fileRef = 138655BC2415FFC7009DC6C7 /* ipman4.jpg */; };
		138655F72415FFD0009DC6C7 /* keanureeves.jpg in Resources */ = {isa = PBXBuildFile; fileRef = 138655BD2415FFC7009DC6C7 /* keanureeves.jpg */; };
		138655F82415FFD0009DC6C7 /* adastra_land.jpg in Resources */ = {isa = PBXBuildFile; fileRef = 138655BE2415FFC8009DC6C7 /* adastra_land.jpg */; };
		138655F92415FFD0009DC6C7 /* underwater.jpg in Resources */ = {isa = PBXBuildFile; fileRef = 138655BF2415FFC8009DC6C7 /* underwater.jpg */; };
		138655FA2415FFD0009DC6C7 /* spiesindisguise.jpg in Resources */ = {isa = PBXBuildFile; fileRef = 138655C02415FFC8009DC6C7 /* spiesindisguise.jpg */; };
		138655FB2415FFD0009DC6C7 /* ipman4_land.jpg in Resources */ = {isa = PBXBuildFile; fileRef = 138655C12415FFC8009DC6C7 /* ipman4_land.jpg */; };
		138655FC2415FFD0009DC6C7 /* theinformer_land.jpg in Resources */ = {isa = PBXBuildFile; fileRef = 138655C22415FFC8009DC6C7 /* theinformer_land.jpg */; };
		138655FD2415FFD0009DC6C7 /* knivesout_land.jpg in Resources */ = {isa = PBXBuildFile; fileRef = 138655C32415FFC9009DC6C7 /* knivesout_land.jpg */; };
		138655FE2415FFD0009DC6C7 /* jumanji.jpg in Resources */ = {isa = PBXBuildFile; fileRef = 138655C42415FFC9009DC6C7 /* jumanji.jpg */; };
		138655FF2415FFD0009DC6C7 /* joker_land.jpg in Resources */ = {isa = PBXBuildFile; fileRef = 138655C52415FFC9009DC6C7 /* joker_land.jpg */; };
		138656002415FFD0009DC6C7 /* jumanji_land.jpg in Resources */ = {isa = PBXBuildFile; fileRef = 138655C62415FFC9009DC6C7 /* jumanji_land.jpg */; };
		138656012415FFD0009DC6C7 /* rosebyrne.jpg in Resources */ = {isa = PBXBuildFile; fileRef = 138655C72415FFC9009DC6C7 /* rosebyrne.jpg */; };
		138656022415FFD0009DC6C7 /* starwars_land.jpg in Resources */ = {isa = PBXBuildFile; fileRef = 138655C82415FFCA009DC6C7 /* starwars_land.jpg */; };
		138656032415FFD0009DC6C7 /* marriagestory.jpg in Resources */ = {isa = PBXBuildFile; fileRef = 138655C92415FFCA009DC6C7 /* marriagestory.jpg */; };
		138656042415FFD0009DC6C7 /* spiesindisguise_land.jpg in Resources */ = {isa = PBXBuildFile; fileRef = 138655CA2415FFCB009DC6C7 /* spiesindisguise_land.jpg */; };
		138656052415FFD0009DC6C7 /* code_8_land.jpg in Resources */ = {isa = PBXBuildFile; fileRef = 138655CB2415FFCB009DC6C7 /* code_8_land.jpg */; };
		138656062415FFD0009DC6C7 /* thegrudge.jpg in Resources */ = {isa = PBXBuildFile; fileRef = 138655CC2415FFCB009DC6C7 /* thegrudge.jpg */; };
		138656072415FFD0009DC6C7 /* it2_land.jpg in Resources */ = {isa = PBXBuildFile; fileRef = 138655CD2415FFCB009DC6C7 /* it2_land.jpg */; };
		138656082415FFD0009DC6C7 /* 1917_land.jpg in Resources */ = {isa = PBXBuildFile; fileRef = 138655CE2415FFCB009DC6C7 /* 1917_land.jpg */; };
		138656092415FFD0009DC6C7 /* garrison7.jpg in Resources */ = {isa = PBXBuildFile; fileRef = 138655CF2415FFCB009DC6C7 /* garrison7.jpg */; };
		1386560A2415FFD0009DC6C7 /* uncutgems_land.jpg in Resources */ = {isa = PBXBuildFile; fileRef = 138655D02415FFCB009DC6C7 /* uncutgems_land.jpg */; };
		1386560B2415FFD0009DC6C7 /* garrison7_land.jpg in Resources */ = {isa = PBXBuildFile; fileRef = 138655D12415FFCC009DC6C7 /* garrison7_land.jpg */; };
		1386560C2415FFD0009DC6C7 /* outih_land.jpg in Resources */ = {isa = PBXBuildFile; fileRef = 138655D22415FFCC009DC6C7 /* outih_land.jpg */; };
		1386560D2415FFD0009DC6C7 /* underwater_land.jpg in Resources */ = {isa = PBXBuildFile; fileRef = 138655D32415FFCC009DC6C7 /* underwater_land.jpg */; };
		1386560E2415FFD0009DC6C7 /* rambo_land.jpg in Resources */ = {isa = PBXBuildFile; fileRef = 138655D42415FFCC009DC6C7 /* rambo_land.jpg */; };
		1386560F2415FFD0009DC6C7 /* marriagestory_land.jpg in Resources */ = {isa = PBXBuildFile; fileRef = 138655D52415FFCD009DC6C7 /* marriagestory_land.jpg */; };
		138656102415FFD0009DC6C7 /* angelinajolie.jpg in Resources */ = {isa = PBXBuildFile; fileRef = 138655D62415FFCD009DC6C7 /* angelinajolie.jpg */; };
		138656112415FFD0009DC6C7 /* uncutgems.jpg in Resources */ = {isa = PBXBuildFile; fileRef = 138655D72415FFCD009DC6C7 /* uncutgems.jpg */; };
		138656122415FFD0009DC6C7 /* lilwoman_land.jpg in Resources */ = {isa = PBXBuildFile; fileRef = 138655D82415FFCD009DC6C7 /* lilwoman_land.jpg */; };
		138656132415FFD0009DC6C7 /* justmercy_land.jpg in Resources */ = {isa = PBXBuildFile; fileRef = 138655D92415FFCD009DC6C7 /* justmercy_land.jpg */; };
		138656142415FFD0009DC6C7 /* henrycavil.jpg in Resources */ = {isa = PBXBuildFile; fileRef = 138655DA2415FFCD009DC6C7 /* henrycavil.jpg */; };
		138656152415FFD0009DC6C7 /* frozen2.jpg in Resources */ = {isa = PBXBuildFile; fileRef = 138655DB2415FFCD009DC6C7 /* frozen2.jpg */; };
		138656162415FFD0009DC6C7 /* bombshell_land.jpg in Resources */ = {isa = PBXBuildFile; fileRef = 138655DC2415FFCD009DC6C7 /* bombshell_land.jpg */; };
		138656172415FFD0009DC6C7 /* cats_land.jpg in Resources */ = {isa = PBXBuildFile; fileRef = 138655DD2415FFCE009DC6C7 /* cats_land.jpg */; };
		138656182415FFD0009DC6C7 /* dwaynejohnson.jpg in Resources */ = {isa = PBXBuildFile; fileRef = 138655DE2415FFCE009DC6C7 /* dwaynejohnson.jpg */; };
		138656192415FFD0009DC6C7 /* theinformer.jpg in Resources */ = {isa = PBXBuildFile; fileRef = 138655DF2415FFCE009DC6C7 /* theinformer.jpg */; };
		1386561A2415FFD0009DC6C7 /* outih.jpg in Resources */ = {isa = PBXBuildFile; fileRef = 138655E02415FFCE009DC6C7 /* outih.jpg */; };
		1386561B2415FFD0009DC6C7 /* lilwoman.jpg in Resources */ = {isa = PBXBuildFile; fileRef = 138655E12415FFCE009DC6C7 /* lilwoman.jpg */; };
		1386561C2415FFD0009DC6C7 /* bombshell.jpg in Resources */ = {isa = PBXBuildFile; fileRef = 138655E22415FFCE009DC6C7 /* bombshell.jpg */; };
		1386561D2415FFD0009DC6C7 /* adastra.jpg in Resources */ = {isa = PBXBuildFile; fileRef = 138655E32415FFCF009DC6C7 /* adastra.jpg */; };
		1386561E2415FFD0009DC6C7 /* thesongofnames_land.jpg in Resources */ = {isa = PBXBuildFile; fileRef = 138655E42415FFCF009DC6C7 /* thesongofnames_land.jpg */; };
		1386561F2415FFD0009DC6C7 /* knivesout.jpg in Resources */ = {isa = PBXBuildFile; fileRef = 138655E52415FFCF009DC6C7 /* knivesout.jpg */; };
		138656202415FFD0009DC6C7 /* scarlJohan.jpg in Resources */ = {isa = PBXBuildFile; fileRef = 138655E62415FFCF009DC6C7 /* scarlJohan.jpg */; };
		138656212415FFD0009DC6C7 /* starwars.jpg in Resources */ = {isa = PBXBuildFile; fileRef = 138655E72415FFCF009DC6C7 /* starwars.jpg */; };
		138656222415FFD0009DC6C7 /* joker.jpg in Resources */ = {isa = PBXBuildFile; fileRef = 138655E82415FFCF009DC6C7 /* joker.jpg */; };
		138656232415FFD0009DC6C7 /* code_8.jpg in Resources */ = {isa = PBXBuildFile; fileRef = 138655E92415FFCF009DC6C7 /* code_8.jpg */; };
		138656242415FFD0009DC6C7 /* it2.jpg in Resources */ = {isa = PBXBuildFile; fileRef = 138655EA2415FFCF009DC6C7 /* it2.jpg */; };
		138656252415FFD0009DC6C7 /* bradpitt.jpg in Resources */ = {isa = PBXBuildFile; fileRef = 138655EB2415FFCF009DC6C7 /* bradpitt.jpg */; };
		138656262415FFD0009DC6C7 /* rebeccaferguson.jpg in Resources */ = {isa = PBXBuildFile; fileRef = 138655EC2415FFD0009DC6C7 /* rebeccaferguson.jpg */; };
		138656272415FFD0009DC6C7 /* kaleycuoco.jpg in Resources */ = {isa = PBXBuildFile; fileRef = 138655ED2415FFD0009DC6C7 /* kaleycuoco.jpg */; };
		1386562924162AED009DC6C7 /* MovieViewModel.swift in Sources */ = {isa = PBXBuildFile; fileRef = 1386562824162AED009DC6C7 /* MovieViewModel.swift */; };
		1386562C24162D7E009DC6C7 /* Kingfisher in Frameworks */ = {isa = PBXBuildFile; productRef = 1386562B24162D7E009DC6C7 /* Kingfisher */; };
		1386562E24162D7E009DC6C7 /* KingfisherSwiftUI in Frameworks */ = {isa = PBXBuildFile; productRef = 1386562D24162D7E009DC6C7 /* KingfisherSwiftUI */; };
		13A33804243F49A2001F7D99 /* SinglePersonView.swift in Sources */ = {isa = PBXBuildFile; fileRef = 13A33803243F49A1001F7D99 /* SinglePersonView.swift */; };
		13A33806243F49CB001F7D99 /* PersonDetailView.swift in Sources */ = {isa = PBXBuildFile; fileRef = 13A33805243F49CB001F7D99 /* PersonDetailView.swift */; };
		13A3380824402ACB001F7D99 /* MovieCredits.swift in Sources */ = {isa = PBXBuildFile; fileRef = 13A3380724402ACB001F7D99 /* MovieCredits.swift */; };
		13A3380A24402DA2001F7D99 /* PersonImages.swift in Sources */ = {isa = PBXBuildFile; fileRef = 13A3380924402DA2001F7D99 /* PersonImages.swift */; };
		13BAFBF323F5369300AAD320 /* AppDelegate.swift in Sources */ = {isa = PBXBuildFile; fileRef = 13BAFBF223F5369300AAD320 /* AppDelegate.swift */; };
		13BAFBF523F5369300AAD320 /* SceneDelegate.swift in Sources */ = {isa = PBXBuildFile; fileRef = 13BAFBF423F5369300AAD320 /* SceneDelegate.swift */; };
		13BAFBF723F5369300AAD320 /* MovieWorldApp.swift in Sources */ = {isa = PBXBuildFile; fileRef = 13BAFBF623F5369300AAD320 /* MovieWorldApp.swift */; };
		13BAFBF923F5369900AAD320 /* Assets.xcassets in Resources */ = {isa = PBXBuildFile; fileRef = 13BAFBF823F5369900AAD320 /* Assets.xcassets */; };
		13BAFBFC23F5369900AAD320 /* Preview Assets.xcassets in Resources */ = {isa = PBXBuildFile; fileRef = 13BAFBFB23F5369900AAD320 /* Preview Assets.xcassets */; };
		13BAFBFF23F5369900AAD320 /* LaunchScreen.storyboard in Resources */ = {isa = PBXBuildFile; fileRef = 13BAFBFD23F5369900AAD320 /* LaunchScreen.storyboard */; };
		13E217AD24077CF100C6E4E8 /* APIKeys.plist in Resources */ = {isa = PBXBuildFile; fileRef = 13E217AC24077CF100C6E4E8 /* APIKeys.plist */; };
/* End PBXBuildFile section */

/* Begin PBXFileReference section */
		133BCF8324165A81006F5C6D /* PopularActorCell.swift */ = {isa = PBXFileReference; lastKnownFileType = sourcecode.swift; path = PopularActorCell.swift; sourceTree = "<group>"; };
		133BCF8524165B53006F5C6D /* ActorViewModel.swift */ = {isa = PBXFileReference; lastKnownFileType = sourcecode.swift; path = ActorViewModel.swift; sourceTree = "<group>"; };
		133BCF8924174A5A006F5C6D /* MovieListViewModel.swift */ = {isa = PBXFileReference; lastKnownFileType = sourcecode.swift; path = MovieListViewModel.swift; sourceTree = "<group>"; };
		133BCF8B24176D23006F5C6D /* MovieBundle.swift */ = {isa = PBXFileReference; lastKnownFileType = sourcecode.swift; path = MovieBundle.swift; sourceTree = "<group>"; };
		133BCFC124192793006F5C6D /* Response.swift */ = {isa = PBXFileReference; fileEncoding = 4; lastKnownFileType = sourcecode.swift; path = Response.swift; sourceTree = "<group>"; };
		133BCFC4241B3862006F5C6D /* LoadingView.swift */ = {isa = PBXFileReference; lastKnownFileType = sourcecode.swift; path = LoadingView.swift; sourceTree = "<group>"; };
		13698750241F552F008A7E49 /* SingleMovieView.swift */ = {isa = PBXFileReference; lastKnownFileType = sourcecode.swift; path = SingleMovieView.swift; sourceTree = "<group>"; };
		13698752241F5851008A7E49 /* MovieDetailView.swift */ = {isa = PBXFileReference; lastKnownFileType = sourcecode.swift; path = MovieDetailView.swift; sourceTree = "<group>"; };
		13698755242211E0008A7E49 /* ColorExt.swift */ = {isa = PBXFileReference; lastKnownFileType = sourcecode.swift; path = ColorExt.swift; sourceTree = "<group>"; };
		1369875724222BBF008A7E49 /* Credits.swift */ = {isa = PBXFileReference; lastKnownFileType = sourcecode.swift; path = Credits.swift; sourceTree = "<group>"; };
		1369875924223041008A7E49 /* SecMovieCollectionView.swift */ = {isa = PBXFileReference; lastKnownFileType = sourcecode.swift; path = SecMovieCollectionView.swift; sourceTree = "<group>"; };
		1369875B24232218008A7E49 /* Image.swift */ = {isa = PBXFileReference; lastKnownFileType = sourcecode.swift; path = Image.swift; sourceTree = "<group>"; };
		13698763242359C0008A7E49 /* CrewViewModel.swift */ = {isa = PBXFileReference; lastKnownFileType = sourcecode.swift; path = CrewViewModel.swift; sourceTree = "<group>"; };
		13698765242359CD008A7E49 /* ImageViewModel.swift */ = {isa = PBXFileReference; lastKnownFileType = sourcecode.swift; path = ImageViewModel.swift; sourceTree = "<group>"; };
		1369876724235F85008A7E49 /* CastViewModel.swift */ = {isa = PBXFileReference; lastKnownFileType = sourcecode.swift; path = CastViewModel.swift; sourceTree = "<group>"; };
		136987692423693D008A7E49 /* CrewCell.swift */ = {isa = PBXFileReference; lastKnownFileType = sourcecode.swift; path = CrewCell.swift; sourceTree = "<group>"; };
		1369876B24236A16008A7E49 /* CastCell.swift */ = {isa = PBXFileReference; lastKnownFileType = sourcecode.swift; path = CastCell.swift; sourceTree = "<group>"; };
		1369876D24236A56008A7E49 /* ImageCell.swift */ = {isa = PBXFileReference; lastKnownFileType = sourcecode.swift; path = ImageCell.swift; sourceTree = "<group>"; };
		1369876F24236AD6008A7E49 /* RecMovieCell.swift */ = {isa = PBXFileReference; lastKnownFileType = sourcecode.swift; path = RecMovieCell.swift; sourceTree = "<group>"; };
		138655982414B7D7009DC6C7 /* Movie.swift */ = {isa = PBXFileReference; lastKnownFileType = sourcecode.swift; path = Movie.swift; sourceTree = "<group>"; };
		1386559A2414B80D009DC6C7 /* Actor.swift */ = {isa = PBXFileReference; lastKnownFileType = sourcecode.swift; path = Actor.swift; sourceTree = "<group>"; };
		1386559E2414BBF0009DC6C7 /* APIKeys.swift */ = {isa = PBXFileReference; lastKnownFileType = sourcecode.swift; path = APIKeys.swift; sourceTree = "<group>"; };
		138655A32414C7BF009DC6C7 /* TMDBClient.swift */ = {isa = PBXFileReference; lastKnownFileType = sourcecode.swift; path = TMDBClient.swift; sourceTree = "<group>"; };
		138655A624151358009DC6C7 /* WebService.swift */ = {isa = PBXFileReference; lastKnownFileType = sourcecode.swift; path = WebService.swift; sourceTree = "<group>"; };
		138655A92415F992009DC6C7 /* NowPlayingCell.swift */ = {isa = PBXFileReference; lastKnownFileType = sourcecode.swift; path = NowPlayingCell.swift; sourceTree = "<group>"; };
		138655AB2415F9B4009DC6C7 /* PopularCell.swift */ = {isa = PBXFileReference; lastKnownFileType = sourcecode.swift; path = PopularCell.swift; sourceTree = "<group>"; };
		138655AD2415F9BD009DC6C7 /* UpcomingCell.swift */ = {isa = PBXFileReference; lastKnownFileType = sourcecode.swift; path = UpcomingCell.swift; sourceTree = "<group>"; };
		138655AF2415F9CA009DC6C7 /* HeaderView.swift */ = {isa = PBXFileReference; lastKnownFileType = sourcecode.swift; path = HeaderView.swift; sourceTree = "<group>"; };
		138655B12415F9DE009DC6C7 /* MovieCollectionView.swift */ = {isa = PBXFileReference; lastKnownFileType = sourcecode.swift; path = MovieCollectionView.swift; sourceTree = "<group>"; };
		138655B42415FFC6009DC6C7 /* thegrudge_land.jpg */ = {isa = PBXFileReference; lastKnownFileType = image.jpeg; path = thegrudge_land.jpg; sourceTree = "<group>"; };
		138655B52415FFC6009DC6C7 /* rambo.jpg */ = {isa = PBXFileReference; lastKnownFileType = image.jpeg; path = rambo.jpg; sourceTree = "<group>"; };
		138655B62415FFC6009DC6C7 /* choyeo.jpg */ = {isa = PBXFileReference; lastKnownFileType = image.jpeg; path = choyeo.jpg; sourceTree = "<group>"; };
		138655B72415FFC7009DC6C7 /* justmercy.jpg */ = {isa = PBXFileReference; lastKnownFileType = image.jpeg; path = justmercy.jpg; sourceTree = "<group>"; };
		138655B82415FFC7009DC6C7 /* frozen2_land.jpg */ = {isa = PBXFileReference; lastKnownFileType = image.jpeg; path = frozen2_land.jpg; sourceTree = "<group>"; };
		138655B92415FFC7009DC6C7 /* cats.jpg */ = {isa = PBXFileReference; lastKnownFileType = image.jpeg; path = cats.jpg; sourceTree = "<group>"; };
		138655BA2415FFC7009DC6C7 /* 1917.jpg */ = {isa = PBXFileReference; lastKnownFileType = image.jpeg; path = 1917.jpg; sourceTree = "<group>"; };
		138655BB2415FFC7009DC6C7 /* thesongofnames.jpg */ = {isa = PBXFileReference; lastKnownFileType = image.jpeg; path = thesongofnames.jpg; sourceTree = "<group>"; };
		138655BC2415FFC7009DC6C7 /* ipman4.jpg */ = {isa = PBXFileReference; lastKnownFileType = image.jpeg; path = ipman4.jpg; sourceTree = "<group>"; };
		138655BD2415FFC7009DC6C7 /* keanureeves.jpg */ = {isa = PBXFileReference; lastKnownFileType = image.jpeg; path = keanureeves.jpg; sourceTree = "<group>"; };
		138655BE2415FFC8009DC6C7 /* adastra_land.jpg */ = {isa = PBXFileReference; lastKnownFileType = image.jpeg; path = adastra_land.jpg; sourceTree = "<group>"; };
		138655BF2415FFC8009DC6C7 /* underwater.jpg */ = {isa = PBXFileReference; lastKnownFileType = image.jpeg; path = underwater.jpg; sourceTree = "<group>"; };
		138655C02415FFC8009DC6C7 /* spiesindisguise.jpg */ = {isa = PBXFileReference; lastKnownFileType = image.jpeg; path = spiesindisguise.jpg; sourceTree = "<group>"; };
		138655C12415FFC8009DC6C7 /* ipman4_land.jpg */ = {isa = PBXFileReference; lastKnownFileType = image.jpeg; path = ipman4_land.jpg; sourceTree = "<group>"; };
		138655C22415FFC8009DC6C7 /* theinformer_land.jpg */ = {isa = PBXFileReference; lastKnownFileType = image.jpeg; path = theinformer_land.jpg; sourceTree = "<group>"; };
		138655C32415FFC9009DC6C7 /* knivesout_land.jpg */ = {isa = PBXFileReference; lastKnownFileType = image.jpeg; path = knivesout_land.jpg; sourceTree = "<group>"; };
		138655C42415FFC9009DC6C7 /* jumanji.jpg */ = {isa = PBXFileReference; lastKnownFileType = image.jpeg; path = jumanji.jpg; sourceTree = "<group>"; };
		138655C52415FFC9009DC6C7 /* joker_land.jpg */ = {isa = PBXFileReference; lastKnownFileType = image.jpeg; path = joker_land.jpg; sourceTree = "<group>"; };
		138655C62415FFC9009DC6C7 /* jumanji_land.jpg */ = {isa = PBXFileReference; lastKnownFileType = image.jpeg; path = jumanji_land.jpg; sourceTree = "<group>"; };
		138655C72415FFC9009DC6C7 /* rosebyrne.jpg */ = {isa = PBXFileReference; lastKnownFileType = image.jpeg; path = rosebyrne.jpg; sourceTree = "<group>"; };
		138655C82415FFCA009DC6C7 /* starwars_land.jpg */ = {isa = PBXFileReference; lastKnownFileType = image.jpeg; path = starwars_land.jpg; sourceTree = "<group>"; };
		138655C92415FFCA009DC6C7 /* marriagestory.jpg */ = {isa = PBXFileReference; lastKnownFileType = image.jpeg; path = marriagestory.jpg; sourceTree = "<group>"; };
		138655CA2415FFCB009DC6C7 /* spiesindisguise_land.jpg */ = {isa = PBXFileReference; lastKnownFileType = image.jpeg; path = spiesindisguise_land.jpg; sourceTree = "<group>"; };
		138655CB2415FFCB009DC6C7 /* code_8_land.jpg */ = {isa = PBXFileReference; lastKnownFileType = image.jpeg; path = code_8_land.jpg; sourceTree = "<group>"; };
		138655CC2415FFCB009DC6C7 /* thegrudge.jpg */ = {isa = PBXFileReference; lastKnownFileType = image.jpeg; path = thegrudge.jpg; sourceTree = "<group>"; };
		138655CD2415FFCB009DC6C7 /* it2_land.jpg */ = {isa = PBXFileReference; lastKnownFileType = image.jpeg; path = it2_land.jpg; sourceTree = "<group>"; };
		138655CE2415FFCB009DC6C7 /* 1917_land.jpg */ = {isa = PBXFileReference; lastKnownFileType = image.jpeg; path = 1917_land.jpg; sourceTree = "<group>"; };
		138655CF2415FFCB009DC6C7 /* garrison7.jpg */ = {isa = PBXFileReference; lastKnownFileType = image.jpeg; path = garrison7.jpg; sourceTree = "<group>"; };
		138655D02415FFCB009DC6C7 /* uncutgems_land.jpg */ = {isa = PBXFileReference; lastKnownFileType = image.jpeg; path = uncutgems_land.jpg; sourceTree = "<group>"; };
		138655D12415FFCC009DC6C7 /* garrison7_land.jpg */ = {isa = PBXFileReference; lastKnownFileType = image.jpeg; path = garrison7_land.jpg; sourceTree = "<group>"; };
		138655D22415FFCC009DC6C7 /* outih_land.jpg */ = {isa = PBXFileReference; lastKnownFileType = image.jpeg; path = outih_land.jpg; sourceTree = "<group>"; };
		138655D32415FFCC009DC6C7 /* underwater_land.jpg */ = {isa = PBXFileReference; lastKnownFileType = image.jpeg; path = underwater_land.jpg; sourceTree = "<group>"; };
		138655D42415FFCC009DC6C7 /* rambo_land.jpg */ = {isa = PBXFileReference; lastKnownFileType = image.jpeg; path = rambo_land.jpg; sourceTree = "<group>"; };
		138655D52415FFCD009DC6C7 /* marriagestory_land.jpg */ = {isa = PBXFileReference; lastKnownFileType = image.jpeg; path = marriagestory_land.jpg; sourceTree = "<group>"; };
		138655D62415FFCD009DC6C7 /* angelinajolie.jpg */ = {isa = PBXFileReference; lastKnownFileType = image.jpeg; path = angelinajolie.jpg; sourceTree = "<group>"; };
		138655D72415FFCD009DC6C7 /* uncutgems.jpg */ = {isa = PBXFileReference; lastKnownFileType = image.jpeg; path = uncutgems.jpg; sourceTree = "<group>"; };
		138655D82415FFCD009DC6C7 /* lilwoman_land.jpg */ = {isa = PBXFileReference; lastKnownFileType = image.jpeg; path = lilwoman_land.jpg; sourceTree = "<group>"; };
		138655D92415FFCD009DC6C7 /* justmercy_land.jpg */ = {isa = PBXFileReference; lastKnownFileType = image.jpeg; path = justmercy_land.jpg; sourceTree = "<group>"; };
		138655DA2415FFCD009DC6C7 /* henrycavil.jpg */ = {isa = PBXFileReference; lastKnownFileType = image.jpeg; path = henrycavil.jpg; sourceTree = "<group>"; };
		138655DB2415FFCD009DC6C7 /* frozen2.jpg */ = {isa = PBXFileReference; lastKnownFileType = image.jpeg; path = frozen2.jpg; sourceTree = "<group>"; };
		138655DC2415FFCD009DC6C7 /* bombshell_land.jpg */ = {isa = PBXFileReference; lastKnownFileType = image.jpeg; path = bombshell_land.jpg; sourceTree = "<group>"; };
		138655DD2415FFCE009DC6C7 /* cats_land.jpg */ = {isa = PBXFileReference; lastKnownFileType = image.jpeg; path = cats_land.jpg; sourceTree = "<group>"; };
		138655DE2415FFCE009DC6C7 /* dwaynejohnson.jpg */ = {isa = PBXFileReference; lastKnownFileType = image.jpeg; path = dwaynejohnson.jpg; sourceTree = "<group>"; };
		138655DF2415FFCE009DC6C7 /* theinformer.jpg */ = {isa = PBXFileReference; lastKnownFileType = image.jpeg; path = theinformer.jpg; sourceTree = "<group>"; };
		138655E02415FFCE009DC6C7 /* outih.jpg */ = {isa = PBXFileReference; lastKnownFileType = image.jpeg; path = outih.jpg; sourceTree = "<group>"; };
		138655E12415FFCE009DC6C7 /* lilwoman.jpg */ = {isa = PBXFileReference; lastKnownFileType = image.jpeg; path = lilwoman.jpg; sourceTree = "<group>"; };
		138655E22415FFCE009DC6C7 /* bombshell.jpg */ = {isa = PBXFileReference; lastKnownFileType = image.jpeg; path = bombshell.jpg; sourceTree = "<group>"; };
		138655E32415FFCF009DC6C7 /* adastra.jpg */ = {isa = PBXFileReference; lastKnownFileType = image.jpeg; path = adastra.jpg; sourceTree = "<group>"; };
		138655E42415FFCF009DC6C7 /* thesongofnames_land.jpg */ = {isa = PBXFileReference; lastKnownFileType = image.jpeg; path = thesongofnames_land.jpg; sourceTree = "<group>"; };
		138655E52415FFCF009DC6C7 /* knivesout.jpg */ = {isa = PBXFileReference; lastKnownFileType = image.jpeg; path = knivesout.jpg; sourceTree = "<group>"; };
		138655E62415FFCF009DC6C7 /* scarlJohan.jpg */ = {isa = PBXFileReference; lastKnownFileType = image.jpeg; path = scarlJohan.jpg; sourceTree = "<group>"; };
		138655E72415FFCF009DC6C7 /* starwars.jpg */ = {isa = PBXFileReference; lastKnownFileType = image.jpeg; path = starwars.jpg; sourceTree = "<group>"; };
		138655E82415FFCF009DC6C7 /* joker.jpg */ = {isa = PBXFileReference; lastKnownFileType = image.jpeg; path = joker.jpg; sourceTree = "<group>"; };
		138655E92415FFCF009DC6C7 /* code_8.jpg */ = {isa = PBXFileReference; lastKnownFileType = image.jpeg; path = code_8.jpg; sourceTree = "<group>"; };
		138655EA2415FFCF009DC6C7 /* it2.jpg */ = {isa = PBXFileReference; lastKnownFileType = image.jpeg; path = it2.jpg; sourceTree = "<group>"; };
		138655EB2415FFCF009DC6C7 /* bradpitt.jpg */ = {isa = PBXFileReference; lastKnownFileType = image.jpeg; path = bradpitt.jpg; sourceTree = "<group>"; };
		138655EC2415FFD0009DC6C7 /* rebeccaferguson.jpg */ = {isa = PBXFileReference; lastKnownFileType = image.jpeg; path = rebeccaferguson.jpg; sourceTree = "<group>"; };
		138655ED2415FFD0009DC6C7 /* kaleycuoco.jpg */ = {isa = PBXFileReference; lastKnownFileType = image.jpeg; path = kaleycuoco.jpg; sourceTree = "<group>"; };
		1386562824162AED009DC6C7 /* MovieViewModel.swift */ = {isa = PBXFileReference; lastKnownFileType = sourcecode.swift; path = MovieViewModel.swift; sourceTree = "<group>"; };
		13A33803243F49A1001F7D99 /* SinglePersonView.swift */ = {isa = PBXFileReference; lastKnownFileType = sourcecode.swift; path = SinglePersonView.swift; sourceTree = "<group>"; };
		13A33805243F49CB001F7D99 /* PersonDetailView.swift */ = {isa = PBXFileReference; lastKnownFileType = sourcecode.swift; path = PersonDetailView.swift; sourceTree = "<group>"; };
		13A3380724402ACB001F7D99 /* MovieCredits.swift */ = {isa = PBXFileReference; lastKnownFileType = sourcecode.swift; path = MovieCredits.swift; sourceTree = "<group>"; };
		13A3380924402DA2001F7D99 /* PersonImages.swift */ = {isa = PBXFileReference; lastKnownFileType = sourcecode.swift; path = PersonImages.swift; sourceTree = "<group>"; };
		13BAFBEF23F5369300AAD320 /* MovieWorld.app */ = {isa = PBXFileReference; explicitFileType = wrapper.application; includeInIndex = 0; path = MovieWorld.app; sourceTree = BUILT_PRODUCTS_DIR; };
		13BAFBF223F5369300AAD320 /* AppDelegate.swift */ = {isa = PBXFileReference; lastKnownFileType = sourcecode.swift; path = AppDelegate.swift; sourceTree = "<group>"; };
		13BAFBF423F5369300AAD320 /* SceneDelegate.swift */ = {isa = PBXFileReference; lastKnownFileType = sourcecode.swift; path = SceneDelegate.swift; sourceTree = "<group>"; };
		13BAFBF623F5369300AAD320 /* MovieWorldApp.swift */ = {isa = PBXFileReference; lastKnownFileType = sourcecode.swift; path = MovieWorldApp.swift; sourceTree = "<group>"; };
		13BAFBF823F5369900AAD320 /* Assets.xcassets */ = {isa = PBXFileReference; lastKnownFileType = folder.assetcatalog; path = Assets.xcassets; sourceTree = "<group>"; };
		13BAFBFB23F5369900AAD320 /* Preview Assets.xcassets */ = {isa = PBXFileReference; lastKnownFileType = folder.assetcatalog; path = "Preview Assets.xcassets"; sourceTree = "<group>"; };
		13BAFBFE23F5369900AAD320 /* Base */ = {isa = PBXFileReference; lastKnownFileType = file.storyboard; name = Base; path = Base.lproj/LaunchScreen.storyboard; sourceTree = "<group>"; };
		13BAFC0023F5369900AAD320 /* Info.plist */ = {isa = PBXFileReference; lastKnownFileType = text.plist.xml; path = Info.plist; sourceTree = "<group>"; };
		13E217AC24077CF100C6E4E8 /* APIKeys.plist */ = {isa = PBXFileReference; lastKnownFileType = text.plist.xml; path = APIKeys.plist; sourceTree = "<group>"; };
/* End PBXFileReference section */

/* Begin PBXFrameworksBuildPhase section */
		13BAFBEC23F5369300AAD320 /* Frameworks */ = {
			isa = PBXFrameworksBuildPhase;
			buildActionMask = 2147483647;
			files = (
				1386562E24162D7E009DC6C7 /* KingfisherSwiftUI in Frameworks */,
				1386562C24162D7E009DC6C7 /* Kingfisher in Frameworks */,
			);
			runOnlyForDeploymentPostprocessing = 0;
		};
/* End PBXFrameworksBuildPhase section */

/* Begin PBXGroup section */
		133BCF8724173C43006F5C6D /* View Models */ = {
			isa = PBXGroup;
			children = (
				1386562824162AED009DC6C7 /* MovieViewModel.swift */,
				133BCF8524165B53006F5C6D /* ActorViewModel.swift */,
				133BCF8924174A5A006F5C6D /* MovieListViewModel.swift */,
				133BCF8B24176D23006F5C6D /* MovieBundle.swift */,
				13698763242359C0008A7E49 /* CrewViewModel.swift */,
				1369876724235F85008A7E49 /* CastViewModel.swift */,
				13698765242359CD008A7E49 /* ImageViewModel.swift */,
			);
			path = "View Models";
			sourceTree = "<group>";
		};
		133BCFC3241B3845006F5C6D /* Views */ = {
			isa = PBXGroup;
			children = (
				133BCFC4241B3862006F5C6D /* LoadingView.swift */,
				13698752241F5851008A7E49 /* MovieDetailView.swift */,
				13A33805243F49CB001F7D99 /* PersonDetailView.swift */,
			);
			path = Views;
			sourceTree = "<group>";
		};
		1369874F241F5517008A7E49 /* Screens */ = {
			isa = PBXGroup;
			children = (
				13698750241F552F008A7E49 /* SingleMovieView.swift */,
				13A33803243F49A1001F7D99 /* SinglePersonView.swift */,
			);
			path = Screens;
			sourceTree = "<group>";
		};
		13698754242211CA008A7E49 /* Extension */ = {
			isa = PBXGroup;
			children = (
				13698755242211E0008A7E49 /* ColorExt.swift */,
			);
			path = Extension;
			sourceTree = "<group>";
		};
		1369876124232D30008A7E49 /* Main MovieCollectionView */ = {
			isa = PBXGroup;
			children = (
				138655B12415F9DE009DC6C7 /* MovieCollectionView.swift */,
				138655A92415F992009DC6C7 /* NowPlayingCell.swift */,
				138655AB2415F9B4009DC6C7 /* PopularCell.swift */,
				138655AD2415F9BD009DC6C7 /* UpcomingCell.swift */,
				133BCF8324165A81006F5C6D /* PopularActorCell.swift */,
				136987692423693D008A7E49 /* CrewCell.swift */,
				1369876B24236A16008A7E49 /* CastCell.swift */,
				1369876D24236A56008A7E49 /* ImageCell.swift */,
				1369876F24236AD6008A7E49 /* RecMovieCell.swift */,
				138655AF2415F9CA009DC6C7 /* HeaderView.swift */,
			);
			path = "Main MovieCollectionView";
			sourceTree = "<group>";
		};
		1369876224232D4A008A7E49 /* 2nd MovieCollectionView */ = {
			isa = PBXGroup;
			children = (
				1369875924223041008A7E49 /* SecMovieCollectionView.swift */,
			);
			path = "2nd MovieCollectionView";
			sourceTree = "<group>";
		};
		138655952414B6A0009DC6C7 /* Models */ = {
			isa = PBXGroup;
			children = (
				138655A22414C7A1009DC6C7 /* TMDB Client */,
				1386559D2414BBDF009DC6C7 /* Data */,
				1386559C2414B9F9009DC6C7 /* TMDB Response */,
			);
			path = Models;
			sourceTree = "<group>";
		};
		1386559C2414B9F9009DC6C7 /* TMDB Response */ = {
			isa = PBXGroup;
			children = (
				1386559A2414B80D009DC6C7 /* Actor.swift */,
				138655982414B7D7009DC6C7 /* Movie.swift */,
				133BCFC124192793006F5C6D /* Response.swift */,
				1369875724222BBF008A7E49 /* Credits.swift */,
				13A3380724402ACB001F7D99 /* MovieCredits.swift */,
				1369875B24232218008A7E49 /* Image.swift */,
				13A3380924402DA2001F7D99 /* PersonImages.swift */,
			);
			path = "TMDB Response";
			sourceTree = "<group>";
		};
		1386559D2414BBDF009DC6C7 /* Data */ = {
			isa = PBXGroup;
			children = (
				1386559E2414BBF0009DC6C7 /* APIKeys.swift */,
			);
			path = Data;
			sourceTree = "<group>";
		};
		138655A22414C7A1009DC6C7 /* TMDB Client */ = {
			isa = PBXGroup;
			children = (
				138655A32414C7BF009DC6C7 /* TMDBClient.swift */,
			);
			path = "TMDB Client";
			sourceTree = "<group>";
		};
		138655A52415133C009DC6C7 /* Networking */ = {
			isa = PBXGroup;
			children = (
				138655A624151358009DC6C7 /* WebService.swift */,
			);
			path = Networking;
			sourceTree = "<group>";
		};
		138655A82415F837009DC6C7 /* UIKit */ = {
			isa = PBXGroup;
			children = (
				1369876224232D4A008A7E49 /* 2nd MovieCollectionView */,
				1369876124232D30008A7E49 /* Main MovieCollectionView */,
			);
			path = UIKit;
			sourceTree = "<group>";
		};
		138655B32415FF99009DC6C7 /* Image */ = {
			isa = PBXGroup;
			children = (
				138655CE2415FFCB009DC6C7 /* 1917_land.jpg */,
				138655BA2415FFC7009DC6C7 /* 1917.jpg */,
				138655BE2415FFC8009DC6C7 /* adastra_land.jpg */,
				138655E32415FFCF009DC6C7 /* adastra.jpg */,
				138655D62415FFCD009DC6C7 /* angelinajolie.jpg */,
				138655DC2415FFCD009DC6C7 /* bombshell_land.jpg */,
				138655E22415FFCE009DC6C7 /* bombshell.jpg */,
				138655EB2415FFCF009DC6C7 /* bradpitt.jpg */,
				138655DD2415FFCE009DC6C7 /* cats_land.jpg */,
				138655B92415FFC7009DC6C7 /* cats.jpg */,
				138655B62415FFC6009DC6C7 /* choyeo.jpg */,
				138655CB2415FFCB009DC6C7 /* code_8_land.jpg */,
				138655E92415FFCF009DC6C7 /* code_8.jpg */,
				138655DE2415FFCE009DC6C7 /* dwaynejohnson.jpg */,
				138655B82415FFC7009DC6C7 /* frozen2_land.jpg */,
				138655DB2415FFCD009DC6C7 /* frozen2.jpg */,
				138655D12415FFCC009DC6C7 /* garrison7_land.jpg */,
				138655CF2415FFCB009DC6C7 /* garrison7.jpg */,
				138655DA2415FFCD009DC6C7 /* henrycavil.jpg */,
				138655C12415FFC8009DC6C7 /* ipman4_land.jpg */,
				138655BC2415FFC7009DC6C7 /* ipman4.jpg */,
				138655CD2415FFCB009DC6C7 /* it2_land.jpg */,
				138655EA2415FFCF009DC6C7 /* it2.jpg */,
				138655C52415FFC9009DC6C7 /* joker_land.jpg */,
				138655E82415FFCF009DC6C7 /* joker.jpg */,
				138655C62415FFC9009DC6C7 /* jumanji_land.jpg */,
				138655C42415FFC9009DC6C7 /* jumanji.jpg */,
				138655D92415FFCD009DC6C7 /* justmercy_land.jpg */,
				138655B72415FFC7009DC6C7 /* justmercy.jpg */,
				138655ED2415FFD0009DC6C7 /* kaleycuoco.jpg */,
				138655BD2415FFC7009DC6C7 /* keanureeves.jpg */,
				138655C32415FFC9009DC6C7 /* knivesout_land.jpg */,
				138655E52415FFCF009DC6C7 /* knivesout.jpg */,
				138655D82415FFCD009DC6C7 /* lilwoman_land.jpg */,
				138655E12415FFCE009DC6C7 /* lilwoman.jpg */,
				138655D52415FFCD009DC6C7 /* marriagestory_land.jpg */,
				138655C92415FFCA009DC6C7 /* marriagestory.jpg */,
				138655D22415FFCC009DC6C7 /* outih_land.jpg */,
				138655E02415FFCE009DC6C7 /* outih.jpg */,
				138655D42415FFCC009DC6C7 /* rambo_land.jpg */,
				138655B52415FFC6009DC6C7 /* rambo.jpg */,
				138655EC2415FFD0009DC6C7 /* rebeccaferguson.jpg */,
				138655C72415FFC9009DC6C7 /* rosebyrne.jpg */,
				138655E62415FFCF009DC6C7 /* scarlJohan.jpg */,
				138655CA2415FFCB009DC6C7 /* spiesindisguise_land.jpg */,
				138655C02415FFC8009DC6C7 /* spiesindisguise.jpg */,
				138655C82415FFCA009DC6C7 /* starwars_land.jpg */,
				138655E72415FFCF009DC6C7 /* starwars.jpg */,
				138655B42415FFC6009DC6C7 /* thegrudge_land.jpg */,
				138655CC2415FFCB009DC6C7 /* thegrudge.jpg */,
				138655C22415FFC8009DC6C7 /* theinformer_land.jpg */,
				138655DF2415FFCE009DC6C7 /* theinformer.jpg */,
				138655E42415FFCF009DC6C7 /* thesongofnames_land.jpg */,
				138655BB2415FFC7009DC6C7 /* thesongofnames.jpg */,
				138655D02415FFCB009DC6C7 /* uncutgems_land.jpg */,
				138655D72415FFCD009DC6C7 /* uncutgems.jpg */,
				138655D32415FFCC009DC6C7 /* underwater_land.jpg */,
				138655BF2415FFC8009DC6C7 /* underwater.jpg */,
			);
			path = Image;
			sourceTree = "<group>";
		};
		13BAFBE623F5369300AAD320 = {
			isa = PBXGroup;
			children = (
				13BAFBF123F5369300AAD320 /* MovieWorld */,
				13BAFBF023F5369300AAD320 /* Products */,
			);
			sourceTree = "<group>";
		};
		13BAFBF023F5369300AAD320 /* Products */ = {
			isa = PBXGroup;
			children = (
				13BAFBEF23F5369300AAD320 /* MovieWorld.app */,
			);
			name = Products;
			sourceTree = "<group>";
		};
		13BAFBF123F5369300AAD320 /* MovieWorld */ = {
			isa = PBXGroup;
			children = (
				13698754242211CA008A7E49 /* Extension */,
				1369874F241F5517008A7E49 /* Screens */,
				133BCFC3241B3845006F5C6D /* Views */,
				133BCF8724173C43006F5C6D /* View Models */,
				138655B32415FF99009DC6C7 /* Image */,
				138655A82415F837009DC6C7 /* UIKit */,
				138655A52415133C009DC6C7 /* Networking */,
				138655952414B6A0009DC6C7 /* Models */,
				13BAFBF223F5369300AAD320 /* AppDelegate.swift */,
				13BAFBF423F5369300AAD320 /* SceneDelegate.swift */,
				13BAFBF623F5369300AAD320 /* MovieWorldApp.swift */,
				13BAFBF823F5369900AAD320 /* Assets.xcassets */,
				13BAFBFD23F5369900AAD320 /* LaunchScreen.storyboard */,
				13BAFC0023F5369900AAD320 /* Info.plist */,
				13BAFBFA23F5369900AAD320 /* Preview Content */,
				13E217AC24077CF100C6E4E8 /* APIKeys.plist */,
			);
			path = MovieWorld;
			sourceTree = "<group>";
		};
		13BAFBFA23F5369900AAD320 /* Preview Content */ = {
			isa = PBXGroup;
			children = (
				13BAFBFB23F5369900AAD320 /* Preview Assets.xcassets */,
			);
			path = "Preview Content";
			sourceTree = "<group>";
		};
/* End PBXGroup section */

/* Begin PBXNativeTarget section */
		13BAFBEE23F5369300AAD320 /* MovieWorld */ = {
			isa = PBXNativeTarget;
			buildConfigurationList = 13BAFC0323F5369900AAD320 /* Build configuration list for PBXNativeTarget "MovieWorld" */;
			buildPhases = (
				13BAFBEB23F5369300AAD320 /* Sources */,
				13BAFBEC23F5369300AAD320 /* Frameworks */,
				13BAFBED23F5369300AAD320 /* Resources */,
			);
			buildRules = (
			);
			dependencies = (
			);
			name = MovieWorld;
			packageProductDependencies = (
				1386562B24162D7E009DC6C7 /* Kingfisher */,
				1386562D24162D7E009DC6C7 /* KingfisherSwiftUI */,
			);
			productName = MovieWorld;
			productReference = 13BAFBEF23F5369300AAD320 /* MovieWorld.app */;
			productType = "com.apple.product-type.application";
		};
/* End PBXNativeTarget section */

/* Begin PBXProject section */
		13BAFBE723F5369300AAD320 /* Project object */ = {
			isa = PBXProject;
			attributes = {
				LastSwiftUpdateCheck = 1130;
				LastUpgradeCheck = 1130;
				ORGANIZATIONNAME = "Haibo Family";
				TargetAttributes = {
					13BAFBEE23F5369300AAD320 = {
						CreatedOnToolsVersion = 11.3.1;
					};
				};
			};
			buildConfigurationList = 13BAFBEA23F5369300AAD320 /* Build configuration list for PBXProject "MovieWorld" */;
			compatibilityVersion = "Xcode 9.3";
			developmentRegion = en;
			hasScannedForEncodings = 0;
			knownRegions = (
				en,
				Base,
			);
			mainGroup = 13BAFBE623F5369300AAD320;
			packageReferences = (
				1386562A24162D7E009DC6C7 /* XCRemoteSwiftPackageReference "Kingfisher" */,
			);
			productRefGroup = 13BAFBF023F5369300AAD320 /* Products */;
			projectDirPath = "";
			projectRoot = "";
			targets = (
				13BAFBEE23F5369300AAD320 /* MovieWorld */,
			);
		};
/* End PBXProject section */

/* Begin PBXResourcesBuildPhase section */
		13BAFBED23F5369300AAD320 /* Resources */ = {
			isa = PBXResourcesBuildPhase;
			buildActionMask = 2147483647;
			files = (
				13BAFBFF23F5369900AAD320 /* LaunchScreen.storyboard in Resources */,
				138656192415FFD0009DC6C7 /* theinformer.jpg in Resources */,
				138656272415FFD0009DC6C7 /* kaleycuoco.jpg in Resources */,
				138655F82415FFD0009DC6C7 /* adastra_land.jpg in Resources */,
				138656122415FFD0009DC6C7 /* lilwoman_land.jpg in Resources */,
				138655EF2415FFD0009DC6C7 /* rambo.jpg in Resources */,
				138655FE2415FFD0009DC6C7 /* jumanji.jpg in Resources */,
				1386561D2415FFD0009DC6C7 /* adastra.jpg in Resources */,
				1386561A2415FFD0009DC6C7 /* outih.jpg in Resources */,
				138656022415FFD0009DC6C7 /* starwars_land.jpg in Resources */,
				138656252415FFD0009DC6C7 /* bradpitt.jpg in Resources */,
				138655F12415FFD0009DC6C7 /* justmercy.jpg in Resources */,
				1386560F2415FFD0009DC6C7 /* marriagestory_land.jpg in Resources */,
				138656152415FFD0009DC6C7 /* frozen2.jpg in Resources */,
				13E217AD24077CF100C6E4E8 /* APIKeys.plist in Resources */,
				1386561B2415FFD0009DC6C7 /* lilwoman.jpg in Resources */,
				138655EE2415FFD0009DC6C7 /* thegrudge_land.jpg in Resources */,
				138656002415FFD0009DC6C7 /* jumanji_land.jpg in Resources */,
				13BAFBFC23F5369900AAD320 /* Preview Assets.xcassets in Resources */,
				138656082415FFD0009DC6C7 /* 1917_land.jpg in Resources */,
				1386560A2415FFD0009DC6C7 /* uncutgems_land.jpg in Resources */,
				138656242415FFD0009DC6C7 /* it2.jpg in Resources */,
				138656052415FFD0009DC6C7 /* code_8_land.jpg in Resources */,
				138655FF2415FFD0009DC6C7 /* joker_land.jpg in Resources */,
				138656072415FFD0009DC6C7 /* it2_land.jpg in Resources */,
				138656132415FFD0009DC6C7 /* justmercy_land.jpg in Resources */,
				138656202415FFD0009DC6C7 /* scarlJohan.jpg in Resources */,
				1386560C2415FFD0009DC6C7 /* outih_land.jpg in Resources */,
				138656232415FFD0009DC6C7 /* code_8.jpg in Resources */,
				138655FD2415FFD0009DC6C7 /* knivesout_land.jpg in Resources */,
				138655FC2415FFD0009DC6C7 /* theinformer_land.jpg in Resources */,
				138656162415FFD0009DC6C7 /* bombshell_land.jpg in Resources */,
				138655F52415FFD0009DC6C7 /* thesongofnames.jpg in Resources */,
				138656042415FFD0009DC6C7 /* spiesindisguise_land.jpg in Resources */,
				138655F32415FFD0009DC6C7 /* cats.jpg in Resources */,
				1386561E2415FFD0009DC6C7 /* thesongofnames_land.jpg in Resources */,
				138655F72415FFD0009DC6C7 /* keanureeves.jpg in Resources */,
				138656142415FFD0009DC6C7 /* henrycavil.jpg in Resources */,
				138656112415FFD0009DC6C7 /* uncutgems.jpg in Resources */,
				138655F02415FFD0009DC6C7 /* choyeo.jpg in Resources */,
				1386560E2415FFD0009DC6C7 /* rambo_land.jpg in Resources */,
				13BAFBF923F5369900AAD320 /* Assets.xcassets in Resources */,
				138655FA2415FFD0009DC6C7 /* spiesindisguise.jpg in Resources */,
				1386561F2415FFD0009DC6C7 /* knivesout.jpg in Resources */,
				1386560D2415FFD0009DC6C7 /* underwater_land.jpg in Resources */,
				138656032415FFD0009DC6C7 /* marriagestory.jpg in Resources */,
				138656262415FFD0009DC6C7 /* rebeccaferguson.jpg in Resources */,
				138656212415FFD0009DC6C7 /* starwars.jpg in Resources */,
				138656172415FFD0009DC6C7 /* cats_land.jpg in Resources */,
				138656092415FFD0009DC6C7 /* garrison7.jpg in Resources */,
				138656102415FFD0009DC6C7 /* angelinajolie.jpg in Resources */,
				138656062415FFD0009DC6C7 /* thegrudge.jpg in Resources */,
				1386561C2415FFD0009DC6C7 /* bombshell.jpg in Resources */,
				138656222415FFD0009DC6C7 /* joker.jpg in Resources */,
				138655F42415FFD0009DC6C7 /* 1917.jpg in Resources */,
				138655F62415FFD0009DC6C7 /* ipman4.jpg in Resources */,
				138656182415FFD0009DC6C7 /* dwaynejohnson.jpg in Resources */,
				138655F92415FFD0009DC6C7 /* underwater.jpg in Resources */,
				138656012415FFD0009DC6C7 /* rosebyrne.jpg in Resources */,
				138655F22415FFD0009DC6C7 /* frozen2_land.jpg in Resources */,
				138655FB2415FFD0009DC6C7 /* ipman4_land.jpg in Resources */,
				1386560B2415FFD0009DC6C7 /* garrison7_land.jpg in Resources */,
			);
			runOnlyForDeploymentPostprocessing = 0;
		};
/* End PBXResourcesBuildPhase section */

/* Begin PBXSourcesBuildPhase section */
		13BAFBEB23F5369300AAD320 /* Sources */ = {
			isa = PBXSourcesBuildPhase;
			buildActionMask = 2147483647;
			files = (
				13A33804243F49A2001F7D99 /* SinglePersonView.swift in Sources */,
				138655A724151358009DC6C7 /* WebService.swift in Sources */,
				133BCF8A24174A5A006F5C6D /* MovieListViewModel.swift in Sources */,
				13A3380824402ACB001F7D99 /* MovieCredits.swift in Sources */,
				138655AA2415F992009DC6C7 /* NowPlayingCell.swift in Sources */,
				13A3380A24402DA2001F7D99 /* PersonImages.swift in Sources */,
				1386559F2414BBF0009DC6C7 /* APIKeys.swift in Sources */,
				138655AC2415F9B4009DC6C7 /* PopularCell.swift in Sources */,
				133BCFC224192793006F5C6D /* Response.swift in Sources */,
				138655A42414C7BF009DC6C7 /* TMDBClient.swift in Sources */,
				13BAFBF323F5369300AAD320 /* AppDelegate.swift in Sources */,
				13BAFBF523F5369300AAD320 /* SceneDelegate.swift in Sources */,
				138655B22415F9DE009DC6C7 /* MovieCollectionView.swift in Sources */,
				13698753241F5851008A7E49 /* MovieDetailView.swift in Sources */,
				13698751241F552F008A7E49 /* SingleMovieView.swift in Sources */,
				1369876C24236A16008A7E49 /* CastCell.swift in Sources */,
				1369876E24236A56008A7E49 /* ImageCell.swift in Sources */,
				138655AE2415F9BD009DC6C7 /* UpcomingCell.swift in Sources */,
				133BCF8C24176D23006F5C6D /* MovieBundle.swift in Sources */,
				13698766242359CD008A7E49 /* ImageViewModel.swift in Sources */,
				1369877024236AD6008A7E49 /* RecMovieCell.swift in Sources */,
				1369876A2423693D008A7E49 /* CrewCell.swift in Sources */,
				138655992414B7D7009DC6C7 /* Movie.swift in Sources */,
				13A33806243F49CB001F7D99 /* PersonDetailView.swift in Sources */,
				133BCFC5241B3862006F5C6D /* LoadingView.swift in Sources */,
				1369875A24223041008A7E49 /* SecMovieCollectionView.swift in Sources */,
				13698764242359C0008A7E49 /* CrewViewModel.swift in Sources */,
				133BCF8624165B53006F5C6D /* ActorViewModel.swift in Sources */,
				13698756242211E0008A7E49 /* ColorExt.swift in Sources */,
				1369875C24232218008A7E49 /* Image.swift in Sources */,
				1386562924162AED009DC6C7 /* MovieViewModel.swift in Sources */,
				1369876824235F85008A7E49 /* CastViewModel.swift in Sources */,
				13BAFBF723F5369300AAD320 /* MovieWorldApp.swift in Sources */,
				133BCF8424165A81006F5C6D /* PopularActorCell.swift in Sources */,
				1386559B2414B80D009DC6C7 /* Actor.swift in Sources */,
				1369875824222BBF008A7E49 /* Credits.swift in Sources */,
				138655B02415F9CA009DC6C7 /* HeaderView.swift in Sources */,
			);
			runOnlyForDeploymentPostprocessing = 0;
		};
/* End PBXSourcesBuildPhase section */

/* Begin PBXVariantGroup section */
		13BAFBFD23F5369900AAD320 /* LaunchScreen.storyboard */ = {
			isa = PBXVariantGroup;
			children = (
				13BAFBFE23F5369900AAD320 /* Base */,
			);
			name = LaunchScreen.storyboard;
			sourceTree = "<group>";
		};
/* End PBXVariantGroup section */

/* Begin XCBuildConfiguration section */
		13BAFC0123F5369900AAD320 /* Debug */ = {
			isa = XCBuildConfiguration;
			buildSettings = {
				ALWAYS_SEARCH_USER_PATHS = NO;
				CLANG_ANALYZER_NONNULL = YES;
				CLANG_ANALYZER_NUMBER_OBJECT_CONVERSION = YES_AGGRESSIVE;
				CLANG_CXX_LANGUAGE_STANDARD = "gnu++14";
				CLANG_CXX_LIBRARY = "libc++";
				CLANG_ENABLE_MODULES = YES;
				CLANG_ENABLE_OBJC_ARC = YES;
				CLANG_ENABLE_OBJC_WEAK = YES;
				CLANG_WARN_BLOCK_CAPTURE_AUTORELEASING = YES;
				CLANG_WARN_BOOL_CONVERSION = YES;
				CLANG_WARN_COMMA = YES;
				CLANG_WARN_CONSTANT_CONVERSION = YES;
				CLANG_WARN_DEPRECATED_OBJC_IMPLEMENTATIONS = YES;
				CLANG_WARN_DIRECT_OBJC_ISA_USAGE = YES_ERROR;
				CLANG_WARN_DOCUMENTATION_COMMENTS = YES;
				CLANG_WARN_EMPTY_BODY = YES;
				CLANG_WARN_ENUM_CONVERSION = YES;
				CLANG_WARN_INFINITE_RECURSION = YES;
				CLANG_WARN_INT_CONVERSION = YES;
				CLANG_WARN_NON_LITERAL_NULL_CONVERSION = YES;
				CLANG_WARN_OBJC_IMPLICIT_RETAIN_SELF = YES;
				CLANG_WARN_OBJC_LITERAL_CONVERSION = YES;
				CLANG_WARN_OBJC_ROOT_CLASS = YES_ERROR;
				CLANG_WARN_RANGE_LOOP_ANALYSIS = YES;
				CLANG_WARN_STRICT_PROTOTYPES = YES;
				CLANG_WARN_SUSPICIOUS_MOVE = YES;
				CLANG_WARN_UNGUARDED_AVAILABILITY = YES_AGGRESSIVE;
				CLANG_WARN_UNREACHABLE_CODE = YES;
				CLANG_WARN__DUPLICATE_METHOD_MATCH = YES;
				COPY_PHASE_STRIP = NO;
				DEBUG_INFORMATION_FORMAT = dwarf;
				ENABLE_STRICT_OBJC_MSGSEND = YES;
				ENABLE_TESTABILITY = YES;
				GCC_C_LANGUAGE_STANDARD = gnu11;
				GCC_DYNAMIC_NO_PIC = NO;
				GCC_NO_COMMON_BLOCKS = YES;
				GCC_OPTIMIZATION_LEVEL = 0;
				GCC_PREPROCESSOR_DEFINITIONS = (
					"DEBUG=1",
					"$(inherited)",
				);
				GCC_WARN_64_TO_32_BIT_CONVERSION = YES;
				GCC_WARN_ABOUT_RETURN_TYPE = YES_ERROR;
				GCC_WARN_UNDECLARED_SELECTOR = YES;
				GCC_WARN_UNINITIALIZED_AUTOS = YES_AGGRESSIVE;
				GCC_WARN_UNUSED_FUNCTION = YES;
				GCC_WARN_UNUSED_VARIABLE = YES;
				IPHONEOS_DEPLOYMENT_TARGET = 13.2;
				MTL_ENABLE_DEBUG_INFO = INCLUDE_SOURCE;
				MTL_FAST_MATH = YES;
				ONLY_ACTIVE_ARCH = YES;
				SDKROOT = iphoneos;
				SWIFT_ACTIVE_COMPILATION_CONDITIONS = DEBUG;
				SWIFT_OPTIMIZATION_LEVEL = "-Onone";
			};
			name = Debug;
		};
		13BAFC0223F5369900AAD320 /* Release */ = {
			isa = XCBuildConfiguration;
			buildSettings = {
				ALWAYS_SEARCH_USER_PATHS = NO;
				CLANG_ANALYZER_NONNULL = YES;
				CLANG_ANALYZER_NUMBER_OBJECT_CONVERSION = YES_AGGRESSIVE;
				CLANG_CXX_LANGUAGE_STANDARD = "gnu++14";
				CLANG_CXX_LIBRARY = "libc++";
				CLANG_ENABLE_MODULES = YES;
				CLANG_ENABLE_OBJC_ARC = YES;
				CLANG_ENABLE_OBJC_WEAK = YES;
				CLANG_WARN_BLOCK_CAPTURE_AUTORELEASING = YES;
				CLANG_WARN_BOOL_CONVERSION = YES;
				CLANG_WARN_COMMA = YES;
				CLANG_WARN_CONSTANT_CONVERSION = YES;
				CLANG_WARN_DEPRECATED_OBJC_IMPLEMENTATIONS = YES;
				CLANG_WARN_DIRECT_OBJC_ISA_USAGE = YES_ERROR;
				CLANG_WARN_DOCUMENTATION_COMMENTS = YES;
				CLANG_WARN_EMPTY_BODY = YES;
				CLANG_WARN_ENUM_CONVERSION = YES;
				CLANG_WARN_INFINITE_RECURSION = YES;
				CLANG_WARN_INT_CONVERSION = YES;
				CLANG_WARN_NON_LITERAL_NULL_CONVERSION = YES;
				CLANG_WARN_OBJC_IMPLICIT_RETAIN_SELF = YES;
				CLANG_WARN_OBJC_LITERAL_CONVERSION = YES;
				CLANG_WARN_OBJC_ROOT_CLASS = YES_ERROR;
				CLANG_WARN_RANGE_LOOP_ANALYSIS = YES;
				CLANG_WARN_STRICT_PROTOTYPES = YES;
				CLANG_WARN_SUSPICIOUS_MOVE = YES;
				CLANG_WARN_UNGUARDED_AVAILABILITY = YES_AGGRESSIVE;
				CLANG_WARN_UNREACHABLE_CODE = YES;
				CLANG_WARN__DUPLICATE_METHOD_MATCH = YES;
				COPY_PHASE_STRIP = NO;
				DEBUG_INFORMATION_FORMAT = "dwarf-with-dsym";
				ENABLE_NS_ASSERTIONS = NO;
				ENABLE_STRICT_OBJC_MSGSEND = YES;
				GCC_C_LANGUAGE_STANDARD = gnu11;
				GCC_NO_COMMON_BLOCKS = YES;
				GCC_WARN_64_TO_32_BIT_CONVERSION = YES;
				GCC_WARN_ABOUT_RETURN_TYPE = YES_ERROR;
				GCC_WARN_UNDECLARED_SELECTOR = YES;
				GCC_WARN_UNINITIALIZED_AUTOS = YES_AGGRESSIVE;
				GCC_WARN_UNUSED_FUNCTION = YES;
				GCC_WARN_UNUSED_VARIABLE = YES;
				IPHONEOS_DEPLOYMENT_TARGET = 13.2;
				MTL_ENABLE_DEBUG_INFO = NO;
				MTL_FAST_MATH = YES;
				SDKROOT = iphoneos;
				SWIFT_COMPILATION_MODE = wholemodule;
				SWIFT_OPTIMIZATION_LEVEL = "-O";
				VALIDATE_PRODUCT = YES;
			};
			name = Release;
		};
		13BAFC0423F5369900AAD320 /* Debug */ = {
			isa = XCBuildConfiguration;
			buildSettings = {
				ASSETCATALOG_COMPILER_APPICON_NAME = AppIcon;
				CODE_SIGN_STYLE = Automatic;
				DEVELOPMENT_ASSET_PATHS = "\"MovieWorld/Preview Content\"";
				DEVELOPMENT_TEAM = BV97A5VZCV;
				ENABLE_PREVIEWS = YES;
				INFOPLIST_FILE = MovieWorld/Info.plist;
				LD_RUNPATH_SEARCH_PATHS = (
					"$(inherited)",
					"@executable_path/Frameworks",
				);
				PRODUCT_BUNDLE_IDENTIFIER = com.chuckworld.ios.MovieWorld;
				PRODUCT_NAME = "$(TARGET_NAME)";
				SWIFT_VERSION = 5.0;
				TARGETED_DEVICE_FAMILY = "1,2";
			};
			name = Debug;
		};
		13BAFC0523F5369900AAD320 /* Release */ = {
			isa = XCBuildConfiguration;
			buildSettings = {
				ASSETCATALOG_COMPILER_APPICON_NAME = AppIcon;
				CODE_SIGN_STYLE = Automatic;
				DEVELOPMENT_ASSET_PATHS = "\"MovieWorld/Preview Content\"";
				DEVELOPMENT_TEAM = BV97A5VZCV;
				ENABLE_PREVIEWS = YES;
				INFOPLIST_FILE = MovieWorld/Info.plist;
				LD_RUNPATH_SEARCH_PATHS = (
					"$(inherited)",
					"@executable_path/Frameworks",
				);
				PRODUCT_BUNDLE_IDENTIFIER = com.chuckworld.ios.MovieWorld;
				PRODUCT_NAME = "$(TARGET_NAME)";
				SWIFT_VERSION = 5.0;
				TARGETED_DEVICE_FAMILY = "1,2";
			};
			name = Release;
		};
/* End XCBuildConfiguration section */

/* Begin XCConfigurationList section */
		13BAFBEA23F5369300AAD320 /* Build configuration list for PBXProject "MovieWorld" */ = {
			isa = XCConfigurationList;
			buildConfigurations = (
				13BAFC0123F5369900AAD320 /* Debug */,
				13BAFC0223F5369900AAD320 /* Release */,
			);
			defaultConfigurationIsVisible = 0;
			defaultConfigurationName = Release;
		};
		13BAFC0323F5369900AAD320 /* Build configuration list for PBXNativeTarget "MovieWorld" */ = {
			isa = XCConfigurationList;
			buildConfigurations = (
				13BAFC0423F5369900AAD320 /* Debug */,
				13BAFC0523F5369900AAD320 /* Release */,
			);
			defaultConfigurationIsVisible = 0;
			defaultConfigurationName = Release;
		};
/* End XCConfigurationList section */

/* Begin XCRemoteSwiftPackageReference section */
		1386562A24162D7E009DC6C7 /* XCRemoteSwiftPackageReference "Kingfisher" */ = {
			isa = XCRemoteSwiftPackageReference;
			repositoryURL = "https://github.com/onevcat/Kingfisher.git";
			requirement = {
				kind = upToNextMajorVersion;
				minimumVersion = 5.13.2;
			};
		};
/* End XCRemoteSwiftPackageReference section */

/* Begin XCSwiftPackageProductDependency section */
		1386562B24162D7E009DC6C7 /* Kingfisher */ = {
			isa = XCSwiftPackageProductDependency;
			package = 1386562A24162D7E009DC6C7 /* XCRemoteSwiftPackageReference "Kingfisher" */;
			productName = Kingfisher;
		};
		1386562D24162D7E009DC6C7 /* KingfisherSwiftUI */ = {
			isa = XCSwiftPackageProductDependency;
			package = 1386562A24162D7E009DC6C7 /* XCRemoteSwiftPackageReference "Kingfisher" */;
			productName = KingfisherSwiftUI;
		};
/* End XCSwiftPackageProductDependency section */
	};
	rootObject = 13BAFBE723F5369300AAD320 /* Project object */;
}
