// !$*UTF8*$!
{
	archiveVersion = 1;
	classes = {
	};
	objectVersion = 52;
	objects = {

/* Begin PBXBuildFile section */
		1311591B2457007300A1173E /* StarRatingView.swift in Sources */ = {isa = PBXBuildFile; fileRef = 1311591A2457007300A1173E /* StarRatingView.swift */; };
		1311591D245817B200A1173E /* GoogleService-Info.plist in Resources */ = {isa = PBXBuildFile; fileRef = 1311591C245817B200A1173E /* GoogleService-Info.plist */; };
		133BCF8424165A81006F5C6D /* PopularActorCell.swift in Sources */ = {isa = PBXBuildFile; fileRef = 133BCF8324165A81006F5C6D /* PopularActorCell.swift */; };
		133BCF8624165B53006F5C6D /* ActorViewModel.swift in Sources */ = {isa = PBXBuildFile; fileRef = 133BCF8524165B53006F5C6D /* ActorViewModel.swift */; };
		133BCF8A24174A5A006F5C6D /* MovieListViewModel.swift in Sources */ = {isa = PBXBuildFile; fileRef = 133BCF8924174A5A006F5C6D /* MovieListViewModel.swift */; };
		133BCF8C24176D23006F5C6D /* MovieBundle.swift in Sources */ = {isa = PBXBuildFile; fileRef = 133BCF8B24176D23006F5C6D /* MovieBundle.swift */; };
		133BCFC224192793006F5C6D /* Response.swift in Sources */ = {isa = PBXBuildFile; fileRef = 133BCFC124192793006F5C6D /* Response.swift */; };
		133BCFC5241B3862006F5C6D /* LoadingView.swift in Sources */ = {isa = PBXBuildFile; fileRef = 133BCFC4241B3862006F5C6D /* LoadingView.swift */; };
		13698751241F552F008A7E49 /* SingleMovieView.swift in Sources */ = {isa = PBXBuildFile; fileRef = 13698750241F552F008A7E49 /* SingleMovieView.swift */; };
		13698753241F5851008A7E49 /* MovieDetailView.swift in Sources */ = {isa = PBXBuildFile; fileRef = 13698752241F5851008A7E49 /* MovieDetailView.swift */; };
		13698756242211E0008A7E49 /* ColorExt.swift in Sources */ = {isa = PBXBuildFile; fileRef = 13698755242211E0008A7E49 /* ColorExt.swift */; };
		1369875824222BBF008A7E49 /* Credits.swift in Sources */ = {isa = PBXBuildFile; fileRef = 1369875724222BBF008A7E49 /* Credits.swift */; };
		1369875C24232218008A7E49 /* Image.swift in Sources */ = {isa = PBXBuildFile; fileRef = 1369875B24232218008A7E49 /* Image.swift */; };
		13698764242359C0008A7E49 /* CrewViewModel.swift in Sources */ = {isa = PBXBuildFile; fileRef = 13698763242359C0008A7E49 /* CrewViewModel.swift */; };
		13698766242359CD008A7E49 /* ImageViewModel.swift in Sources */ = {isa = PBXBuildFile; fileRef = 13698765242359CD008A7E49 /* ImageViewModel.swift */; };
		1369876824235F85008A7E49 /* CastViewModel.swift in Sources */ = {isa = PBXBuildFile; fileRef = 1369876724235F85008A7E49 /* CastViewModel.swift */; };
		1369876A2423693D008A7E49 /* CrewCell.swift in Sources */ = {isa = PBXBuildFile; fileRef = 136987692423693D008A7E49 /* CrewCell.swift */; };
		1369876C24236A16008A7E49 /* CastCell.swift in Sources */ = {isa = PBXBuildFile; fileRef = 1369876B24236A16008A7E49 /* CastCell.swift */; };
		1369876E24236A56008A7E49 /* ImageCell.swift in Sources */ = {isa = PBXBuildFile; fileRef = 1369876D24236A56008A7E49 /* ImageCell.swift */; };
		1369877024236AD6008A7E49 /* RecMovieCell.swift in Sources */ = {isa = PBXBuildFile; fileRef = 1369876F24236AD6008A7E49 /* RecMovieCell.swift */; };
		137F68B3244EB2E50033F880 /* PageViewController.swift in Sources */ = {isa = PBXBuildFile; fileRef = 137F68B1244EB2E50033F880 /* PageViewController.swift */; };
		137F68B4244EB2E50033F880 /* PageView.swift in Sources */ = {isa = PBXBuildFile; fileRef = 137F68B2244EB2E50033F880 /* PageView.swift */; };
		137F68D9244EEE5F0033F880 /* Localizable.strings in Resources */ = {isa = PBXBuildFile; fileRef = 137F68DB244EEE5F0033F880 /* Localizable.strings */; };
		138655992414B7D7009DC6C7 /* Movie.swift in Sources */ = {isa = PBXBuildFile; fileRef = 138655982414B7D7009DC6C7 /* Movie.swift */; };
		1386559B2414B80D009DC6C7 /* Actor.swift in Sources */ = {isa = PBXBuildFile; fileRef = 1386559A2414B80D009DC6C7 /* Actor.swift */; };
		1386559F2414BBF0009DC6C7 /* APIKeys.swift in Sources */ = {isa = PBXBuildFile; fileRef = 1386559E2414BBF0009DC6C7 /* APIKeys.swift */; };
		138655A42414C7BF009DC6C7 /* TMDBClient.swift in Sources */ = {isa = PBXBuildFile; fileRef = 138655A32414C7BF009DC6C7 /* TMDBClient.swift */; };
		138655A724151358009DC6C7 /* WebService.swift in Sources */ = {isa = PBXBuildFile; fileRef = 138655A624151358009DC6C7 /* WebService.swift */; };
		138655AA2415F992009DC6C7 /* NowPlayingCell.swift in Sources */ = {isa = PBXBuildFile; fileRef = 138655A92415F992009DC6C7 /* NowPlayingCell.swift */; };
		138655AC2415F9B4009DC6C7 /* PopularCell.swift in Sources */ = {isa = PBXBuildFile; fileRef = 138655AB2415F9B4009DC6C7 /* PopularCell.swift */; };
		138655AE2415F9BD009DC6C7 /* UpcomingCell.swift in Sources */ = {isa = PBXBuildFile; fileRef = 138655AD2415F9BD009DC6C7 /* UpcomingCell.swift */; };
		138655B02415F9CA009DC6C7 /* HeaderView.swift in Sources */ = {isa = PBXBuildFile; fileRef = 138655AF2415F9CA009DC6C7 /* HeaderView.swift */; };
		138655B22415F9DE009DC6C7 /* MovieCollectionView.swift in Sources */ = {isa = PBXBuildFile; fileRef = 138655B12415F9DE009DC6C7 /* MovieCollectionView.swift */; };
		1386562924162AED009DC6C7 /* MovieViewModel.swift in Sources */ = {isa = PBXBuildFile; fileRef = 1386562824162AED009DC6C7 /* MovieViewModel.swift */; };
		1386562C24162D7E009DC6C7 /* Kingfisher in Frameworks */ = {isa = PBXBuildFile; productRef = 1386562B24162D7E009DC6C7 /* Kingfisher */; };
		1386562E24162D7E009DC6C7 /* KingfisherSwiftUI in Frameworks */ = {isa = PBXBuildFile; productRef = 1386562D24162D7E009DC6C7 /* KingfisherSwiftUI */; };
		13A1927E2446B03500738EC9 /* ActorListView.swift in Sources */ = {isa = PBXBuildFile; fileRef = 13A1927D2446B03400738EC9 /* ActorListView.swift */; };
		13A192802446B45400738EC9 /* ActorListRow.swift in Sources */ = {isa = PBXBuildFile; fileRef = 13A1927F2446B45400738EC9 /* ActorListRow.swift */; };
		13A19283244804B500738EC9 /* ImageScrollView.swift in Sources */ = {isa = PBXBuildFile; fileRef = 13A19282244804B400738EC9 /* ImageScrollView.swift */; };
		13A192852448089400738EC9 /* ScrollViewController.swift in Sources */ = {isa = PBXBuildFile; fileRef = 13A192842448089400738EC9 /* ScrollViewController.swift */; };
		13A19287244986B000738EC9 /* MovieSearchView.swift in Sources */ = {isa = PBXBuildFile; fileRef = 13A19286244986AF00738EC9 /* MovieSearchView.swift */; };
		13A1928A24499E6600738EC9 /* SearchBar.swift in Sources */ = {isa = PBXBuildFile; fileRef = 13A1928924499E6600738EC9 /* SearchBar.swift */; };
		13A33804243F49A2001F7D99 /* SinglePersonView.swift in Sources */ = {isa = PBXBuildFile; fileRef = 13A33803243F49A1001F7D99 /* SinglePersonView.swift */; };
		13A33806243F49CB001F7D99 /* PersonDetailView.swift in Sources */ = {isa = PBXBuildFile; fileRef = 13A33805243F49CB001F7D99 /* PersonDetailView.swift */; };
		13A3380824402ACB001F7D99 /* MovieCredits.swift in Sources */ = {isa = PBXBuildFile; fileRef = 13A3380724402ACB001F7D99 /* MovieCredits.swift */; };
		13A3380A24402DA2001F7D99 /* PersonImages.swift in Sources */ = {isa = PBXBuildFile; fileRef = 13A3380924402DA2001F7D99 /* PersonImages.swift */; };
		13A3380C24406388001F7D99 /* PersonMovieViewModel.swift in Sources */ = {isa = PBXBuildFile; fileRef = 13A3380B24406386001F7D99 /* PersonMovieViewModel.swift */; };
		13A3380E24406A84001F7D99 /* PersonImageViewModel.swift in Sources */ = {isa = PBXBuildFile; fileRef = 13A3380D24406A84001F7D99 /* PersonImageViewModel.swift */; };
		13A92A7E244410FB00E74A8A /* MovieListView.swift in Sources */ = {isa = PBXBuildFile; fileRef = 13A92A7D244410FB00E74A8A /* MovieListView.swift */; };
		13A92A8024441A7900E74A8A /* MovieListRow.swift in Sources */ = {isa = PBXBuildFile; fileRef = 13A92A7F24441A7900E74A8A /* MovieListRow.swift */; };
		13A92A8224441AB100E74A8A /* LineRatingView.swift in Sources */ = {isa = PBXBuildFile; fileRef = 13A92A8124441AB100E74A8A /* LineRatingView.swift */; };
		13BAFBF323F5369300AAD320 /* AppDelegate.swift in Sources */ = {isa = PBXBuildFile; fileRef = 13BAFBF223F5369300AAD320 /* AppDelegate.swift */; };
		13BAFBF523F5369300AAD320 /* SceneDelegate.swift in Sources */ = {isa = PBXBuildFile; fileRef = 13BAFBF423F5369300AAD320 /* SceneDelegate.swift */; };
		13BAFBF723F5369300AAD320 /* MovieWorldApp.swift in Sources */ = {isa = PBXBuildFile; fileRef = 13BAFBF623F5369300AAD320 /* MovieWorldApp.swift */; };
		13BAFBF923F5369900AAD320 /* Assets.xcassets in Resources */ = {isa = PBXBuildFile; fileRef = 13BAFBF823F5369900AAD320 /* Assets.xcassets */; };
		13BAFBFC23F5369900AAD320 /* Preview Assets.xcassets in Resources */ = {isa = PBXBuildFile; fileRef = 13BAFBFB23F5369900AAD320 /* Preview Assets.xcassets */; };
		13BAFBFF23F5369900AAD320 /* LaunchScreen.storyboard in Resources */ = {isa = PBXBuildFile; fileRef = 13BAFBFD23F5369900AAD320 /* LaunchScreen.storyboard */; };
		13E217AD24077CF100C6E4E8 /* APIKeys.plist in Resources */ = {isa = PBXBuildFile; fileRef = 13E217AC24077CF100C6E4E8 /* APIKeys.plist */; };
		13F0BC9F2458432700695F6F /* BannerView.swift in Sources */ = {isa = PBXBuildFile; fileRef = 13F0BC9E2458432700695F6F /* BannerView.swift */; };
		F571A1F3D02E3819551BEC21 /* Pods_MovieWorld.framework in Frameworks */ = {isa = PBXBuildFile; fileRef = A4098FDADD0DFA874E0127B8 /* Pods_MovieWorld.framework */; };
/* End PBXBuildFile section */

/* Begin PBXFileReference section */
		1311591A2457007300A1173E /* StarRatingView.swift */ = {isa = PBXFileReference; lastKnownFileType = sourcecode.swift; path = StarRatingView.swift; sourceTree = "<group>"; };
		1311591C245817B200A1173E /* GoogleService-Info.plist */ = {isa = PBXFileReference; fileEncoding = 4; lastKnownFileType = text.plist.xml; path = "GoogleService-Info.plist"; sourceTree = "<group>"; };
		133BCF8324165A81006F5C6D /* PopularActorCell.swift */ = {isa = PBXFileReference; lastKnownFileType = sourcecode.swift; path = PopularActorCell.swift; sourceTree = "<group>"; };
		133BCF8524165B53006F5C6D /* ActorViewModel.swift */ = {isa = PBXFileReference; lastKnownFileType = sourcecode.swift; path = ActorViewModel.swift; sourceTree = "<group>"; };
		133BCF8924174A5A006F5C6D /* MovieListViewModel.swift */ = {isa = PBXFileReference; lastKnownFileType = sourcecode.swift; path = MovieListViewModel.swift; sourceTree = "<group>"; };
		133BCF8B24176D23006F5C6D /* MovieBundle.swift */ = {isa = PBXFileReference; lastKnownFileType = sourcecode.swift; path = MovieBundle.swift; sourceTree = "<group>"; };
		133BCFC124192793006F5C6D /* Response.swift */ = {isa = PBXFileReference; fileEncoding = 4; lastKnownFileType = sourcecode.swift; path = Response.swift; sourceTree = "<group>"; };
		133BCFC4241B3862006F5C6D /* LoadingView.swift */ = {isa = PBXFileReference; lastKnownFileType = sourcecode.swift; path = LoadingView.swift; sourceTree = "<group>"; };
		13698750241F552F008A7E49 /* SingleMovieView.swift */ = {isa = PBXFileReference; lastKnownFileType = sourcecode.swift; path = SingleMovieView.swift; sourceTree = "<group>"; };
		13698752241F5851008A7E49 /* MovieDetailView.swift */ = {isa = PBXFileReference; lastKnownFileType = sourcecode.swift; path = MovieDetailView.swift; sourceTree = "<group>"; };
		13698755242211E0008A7E49 /* ColorExt.swift */ = {isa = PBXFileReference; lastKnownFileType = sourcecode.swift; path = ColorExt.swift; sourceTree = "<group>"; };
		1369875724222BBF008A7E49 /* Credits.swift */ = {isa = PBXFileReference; lastKnownFileType = sourcecode.swift; path = Credits.swift; sourceTree = "<group>"; };
		1369875B24232218008A7E49 /* Image.swift */ = {isa = PBXFileReference; lastKnownFileType = sourcecode.swift; path = Image.swift; sourceTree = "<group>"; };
		13698763242359C0008A7E49 /* CrewViewModel.swift */ = {isa = PBXFileReference; lastKnownFileType = sourcecode.swift; path = CrewViewModel.swift; sourceTree = "<group>"; };
		13698765242359CD008A7E49 /* ImageViewModel.swift */ = {isa = PBXFileReference; lastKnownFileType = sourcecode.swift; path = ImageViewModel.swift; sourceTree = "<group>"; };
		1369876724235F85008A7E49 /* CastViewModel.swift */ = {isa = PBXFileReference; lastKnownFileType = sourcecode.swift; path = CastViewModel.swift; sourceTree = "<group>"; };
		136987692423693D008A7E49 /* CrewCell.swift */ = {isa = PBXFileReference; lastKnownFileType = sourcecode.swift; path = CrewCell.swift; sourceTree = "<group>"; };
		1369876B24236A16008A7E49 /* CastCell.swift */ = {isa = PBXFileReference; lastKnownFileType = sourcecode.swift; path = CastCell.swift; sourceTree = "<group>"; };
		1369876D24236A56008A7E49 /* ImageCell.swift */ = {isa = PBXFileReference; lastKnownFileType = sourcecode.swift; path = ImageCell.swift; sourceTree = "<group>"; };
		1369876F24236AD6008A7E49 /* RecMovieCell.swift */ = {isa = PBXFileReference; lastKnownFileType = sourcecode.swift; path = RecMovieCell.swift; sourceTree = "<group>"; };
		137F68B1244EB2E50033F880 /* PageViewController.swift */ = {isa = PBXFileReference; fileEncoding = 4; lastKnownFileType = sourcecode.swift; path = PageViewController.swift; sourceTree = "<group>"; };
		137F68B2244EB2E50033F880 /* PageView.swift */ = {isa = PBXFileReference; fileEncoding = 4; lastKnownFileType = sourcecode.swift; path = PageView.swift; sourceTree = "<group>"; };
		137F68DA244EEE5F0033F880 /* en */ = {isa = PBXFileReference; lastKnownFileType = text.plist.strings; name = en; path = en.lproj/Localizable.strings; sourceTree = "<group>"; };
		137F68DC244EF19B0033F880 /* zh-Hans */ = {isa = PBXFileReference; lastKnownFileType = text.plist.strings; name = "zh-Hans"; path = "zh-Hans.lproj/Localizable.strings"; sourceTree = "<group>"; };
		138655982414B7D7009DC6C7 /* Movie.swift */ = {isa = PBXFileReference; lastKnownFileType = sourcecode.swift; path = Movie.swift; sourceTree = "<group>"; };
		1386559A2414B80D009DC6C7 /* Actor.swift */ = {isa = PBXFileReference; lastKnownFileType = sourcecode.swift; path = Actor.swift; sourceTree = "<group>"; };
		1386559E2414BBF0009DC6C7 /* APIKeys.swift */ = {isa = PBXFileReference; lastKnownFileType = sourcecode.swift; path = APIKeys.swift; sourceTree = "<group>"; };
		138655A32414C7BF009DC6C7 /* TMDBClient.swift */ = {isa = PBXFileReference; lastKnownFileType = sourcecode.swift; path = TMDBClient.swift; sourceTree = "<group>"; };
		138655A624151358009DC6C7 /* WebService.swift */ = {isa = PBXFileReference; lastKnownFileType = sourcecode.swift; path = WebService.swift; sourceTree = "<group>"; };
		138655A92415F992009DC6C7 /* NowPlayingCell.swift */ = {isa = PBXFileReference; lastKnownFileType = sourcecode.swift; path = NowPlayingCell.swift; sourceTree = "<group>"; };
		138655AB2415F9B4009DC6C7 /* PopularCell.swift */ = {isa = PBXFileReference; lastKnownFileType = sourcecode.swift; path = PopularCell.swift; sourceTree = "<group>"; };
		138655AD2415F9BD009DC6C7 /* UpcomingCell.swift */ = {isa = PBXFileReference; lastKnownFileType = sourcecode.swift; path = UpcomingCell.swift; sourceTree = "<group>"; };
		138655AF2415F9CA009DC6C7 /* HeaderView.swift */ = {isa = PBXFileReference; lastKnownFileType = sourcecode.swift; path = HeaderView.swift; sourceTree = "<group>"; };
		138655B12415F9DE009DC6C7 /* MovieCollectionView.swift */ = {isa = PBXFileReference; lastKnownFileType = sourcecode.swift; path = MovieCollectionView.swift; sourceTree = "<group>"; };
		1386562824162AED009DC6C7 /* MovieViewModel.swift */ = {isa = PBXFileReference; lastKnownFileType = sourcecode.swift; path = MovieViewModel.swift; sourceTree = "<group>"; };
		13A1927D2446B03400738EC9 /* ActorListView.swift */ = {isa = PBXFileReference; lastKnownFileType = sourcecode.swift; path = ActorListView.swift; sourceTree = "<group>"; };
		13A1927F2446B45400738EC9 /* ActorListRow.swift */ = {isa = PBXFileReference; lastKnownFileType = sourcecode.swift; path = ActorListRow.swift; sourceTree = "<group>"; };
		13A19282244804B400738EC9 /* ImageScrollView.swift */ = {isa = PBXFileReference; lastKnownFileType = sourcecode.swift; path = ImageScrollView.swift; sourceTree = "<group>"; };
		13A192842448089400738EC9 /* ScrollViewController.swift */ = {isa = PBXFileReference; lastKnownFileType = sourcecode.swift; path = ScrollViewController.swift; sourceTree = "<group>"; };
		13A19286244986AF00738EC9 /* MovieSearchView.swift */ = {isa = PBXFileReference; lastKnownFileType = sourcecode.swift; path = MovieSearchView.swift; sourceTree = "<group>"; };
		13A1928924499E6600738EC9 /* SearchBar.swift */ = {isa = PBXFileReference; lastKnownFileType = sourcecode.swift; path = SearchBar.swift; sourceTree = "<group>"; };
		13A33803243F49A1001F7D99 /* SinglePersonView.swift */ = {isa = PBXFileReference; lastKnownFileType = sourcecode.swift; path = SinglePersonView.swift; sourceTree = "<group>"; };
		13A33805243F49CB001F7D99 /* PersonDetailView.swift */ = {isa = PBXFileReference; lastKnownFileType = sourcecode.swift; path = PersonDetailView.swift; sourceTree = "<group>"; };
		13A3380724402ACB001F7D99 /* MovieCredits.swift */ = {isa = PBXFileReference; lastKnownFileType = sourcecode.swift; path = MovieCredits.swift; sourceTree = "<group>"; };
		13A3380924402DA2001F7D99 /* PersonImages.swift */ = {isa = PBXFileReference; lastKnownFileType = sourcecode.swift; path = PersonImages.swift; sourceTree = "<group>"; };
		13A3380B24406386001F7D99 /* PersonMovieViewModel.swift */ = {isa = PBXFileReference; lastKnownFileType = sourcecode.swift; path = PersonMovieViewModel.swift; sourceTree = "<group>"; };
		13A3380D24406A84001F7D99 /* PersonImageViewModel.swift */ = {isa = PBXFileReference; lastKnownFileType = sourcecode.swift; path = PersonImageViewModel.swift; sourceTree = "<group>"; };
		13A92A7D244410FB00E74A8A /* MovieListView.swift */ = {isa = PBXFileReference; lastKnownFileType = sourcecode.swift; path = MovieListView.swift; sourceTree = "<group>"; };
		13A92A7F24441A7900E74A8A /* MovieListRow.swift */ = {isa = PBXFileReference; lastKnownFileType = sourcecode.swift; path = MovieListRow.swift; sourceTree = "<group>"; };
		13A92A8124441AB100E74A8A /* LineRatingView.swift */ = {isa = PBXFileReference; lastKnownFileType = sourcecode.swift; path = LineRatingView.swift; sourceTree = "<group>"; };
		13BAFBEF23F5369300AAD320 /* MovieWorld.app */ = {isa = PBXFileReference; explicitFileType = wrapper.application; includeInIndex = 0; path = MovieWorld.app; sourceTree = BUILT_PRODUCTS_DIR; };
		13BAFBF223F5369300AAD320 /* AppDelegate.swift */ = {isa = PBXFileReference; lastKnownFileType = sourcecode.swift; path = AppDelegate.swift; sourceTree = "<group>"; };
		13BAFBF423F5369300AAD320 /* SceneDelegate.swift */ = {isa = PBXFileReference; lastKnownFileType = sourcecode.swift; path = SceneDelegate.swift; sourceTree = "<group>"; };
		13BAFBF623F5369300AAD320 /* MovieWorldApp.swift */ = {isa = PBXFileReference; lastKnownFileType = sourcecode.swift; path = MovieWorldApp.swift; sourceTree = "<group>"; };
		13BAFBF823F5369900AAD320 /* Assets.xcassets */ = {isa = PBXFileReference; lastKnownFileType = folder.assetcatalog; path = Assets.xcassets; sourceTree = "<group>"; };
		13BAFBFB23F5369900AAD320 /* Preview Assets.xcassets */ = {isa = PBXFileReference; lastKnownFileType = folder.assetcatalog; path = "Preview Assets.xcassets"; sourceTree = "<group>"; };
		13BAFBFE23F5369900AAD320 /* Base */ = {isa = PBXFileReference; lastKnownFileType = file.storyboard; name = Base; path = Base.lproj/LaunchScreen.storyboard; sourceTree = "<group>"; };
		13BAFC0023F5369900AAD320 /* Info.plist */ = {isa = PBXFileReference; lastKnownFileType = text.plist.xml; path = Info.plist; sourceTree = "<group>"; };
		13E217AC24077CF100C6E4E8 /* APIKeys.plist */ = {isa = PBXFileReference; lastKnownFileType = text.plist.xml; path = APIKeys.plist; sourceTree = "<group>"; };
		13F0BC9E2458432700695F6F /* BannerView.swift */ = {isa = PBXFileReference; lastKnownFileType = sourcecode.swift; path = BannerView.swift; sourceTree = "<group>"; };
		1794EE338064DB42316B3DA0 /* Pods-MovieWorld.release.xcconfig */ = {isa = PBXFileReference; includeInIndex = 1; lastKnownFileType = text.xcconfig; name = "Pods-MovieWorld.release.xcconfig"; path = "Target Support Files/Pods-MovieWorld/Pods-MovieWorld.release.xcconfig"; sourceTree = "<group>"; };
		A4098FDADD0DFA874E0127B8 /* Pods_MovieWorld.framework */ = {isa = PBXFileReference; explicitFileType = wrapper.framework; includeInIndex = 0; path = Pods_MovieWorld.framework; sourceTree = BUILT_PRODUCTS_DIR; };
		F68D45A1B51D9843FFFD2EED /* Pods-MovieWorld.debug.xcconfig */ = {isa = PBXFileReference; includeInIndex = 1; lastKnownFileType = text.xcconfig; name = "Pods-MovieWorld.debug.xcconfig"; path = "Target Support Files/Pods-MovieWorld/Pods-MovieWorld.debug.xcconfig"; sourceTree = "<group>"; };
/* End PBXFileReference section */

/* Begin PBXFrameworksBuildPhase section */
		13BAFBEC23F5369300AAD320 /* Frameworks */ = {
			isa = PBXFrameworksBuildPhase;
			buildActionMask = 2147483647;
			files = (
				1386562E24162D7E009DC6C7 /* KingfisherSwiftUI in Frameworks */,
				1386562C24162D7E009DC6C7 /* Kingfisher in Frameworks */,
				F571A1F3D02E3819551BEC21 /* Pods_MovieWorld.framework in Frameworks */,
			);
			runOnlyForDeploymentPostprocessing = 0;
		};
/* End PBXFrameworksBuildPhase section */

/* Begin PBXGroup section */
		133BCF8724173C43006F5C6D /* View Models */ = {
			isa = PBXGroup;
			children = (
				1386562824162AED009DC6C7 /* MovieViewModel.swift */,
				133BCF8524165B53006F5C6D /* ActorViewModel.swift */,
				133BCF8924174A5A006F5C6D /* MovieListViewModel.swift */,
				133BCF8B24176D23006F5C6D /* MovieBundle.swift */,
				13698763242359C0008A7E49 /* CrewViewModel.swift */,
				1369876724235F85008A7E49 /* CastViewModel.swift */,
				13698765242359CD008A7E49 /* ImageViewModel.swift */,
				13A3380D24406A84001F7D99 /* PersonImageViewModel.swift */,
				13A3380B24406386001F7D99 /* PersonMovieViewModel.swift */,
			);
			path = "View Models";
			sourceTree = "<group>";
		};
		133BCFC3241B3845006F5C6D /* Views */ = {
			isa = PBXGroup;
			children = (
				133BCFC4241B3862006F5C6D /* LoadingView.swift */,
				13698752241F5851008A7E49 /* MovieDetailView.swift */,
				13A33805243F49CB001F7D99 /* PersonDetailView.swift */,
				13A92A7F24441A7900E74A8A /* MovieListRow.swift */,
				13A1927F2446B45400738EC9 /* ActorListRow.swift */,
				13A92A8124441AB100E74A8A /* LineRatingView.swift */,
				1311591A2457007300A1173E /* StarRatingView.swift */,
				13F0BC9E2458432700695F6F /* BannerView.swift */,
			);
			path = Views;
			sourceTree = "<group>";
		};
		1369874F241F5517008A7E49 /* Screens */ = {
			isa = PBXGroup;
			children = (
				13698750241F552F008A7E49 /* SingleMovieView.swift */,
				13A33803243F49A1001F7D99 /* SinglePersonView.swift */,
				13A92A7D244410FB00E74A8A /* MovieListView.swift */,
				13A1927D2446B03400738EC9 /* ActorListView.swift */,
				13A19286244986AF00738EC9 /* MovieSearchView.swift */,
			);
			path = Screens;
			sourceTree = "<group>";
		};
		13698754242211CA008A7E49 /* Extension */ = {
			isa = PBXGroup;
			children = (
				13698755242211E0008A7E49 /* ColorExt.swift */,
			);
			path = Extension;
			sourceTree = "<group>";
		};
		1369876124232D30008A7E49 /* Main MovieCollectionView */ = {
			isa = PBXGroup;
			children = (
				138655B12415F9DE009DC6C7 /* MovieCollectionView.swift */,
				138655A92415F992009DC6C7 /* NowPlayingCell.swift */,
				138655AB2415F9B4009DC6C7 /* PopularCell.swift */,
				138655AD2415F9BD009DC6C7 /* UpcomingCell.swift */,
				133BCF8324165A81006F5C6D /* PopularActorCell.swift */,
				136987692423693D008A7E49 /* CrewCell.swift */,
				1369876B24236A16008A7E49 /* CastCell.swift */,
				1369876D24236A56008A7E49 /* ImageCell.swift */,
				1369876F24236AD6008A7E49 /* RecMovieCell.swift */,
				138655AF2415F9CA009DC6C7 /* HeaderView.swift */,
			);
			path = "Main MovieCollectionView";
			sourceTree = "<group>";
		};
		137F68B0244EB2E50033F880 /* Page View */ = {
			isa = PBXGroup;
			children = (
				137F68B1244EB2E50033F880 /* PageViewController.swift */,
				137F68B2244EB2E50033F880 /* PageView.swift */,
			);
			path = "Page View";
			sourceTree = "<group>";
		};
		138655952414B6A0009DC6C7 /* Models */ = {
			isa = PBXGroup;
			children = (
				138655A22414C7A1009DC6C7 /* TMDB Client */,
				1386559D2414BBDF009DC6C7 /* Data */,
				1386559C2414B9F9009DC6C7 /* TMDB Response */,
			);
			path = Models;
			sourceTree = "<group>";
		};
		1386559C2414B9F9009DC6C7 /* TMDB Response */ = {
			isa = PBXGroup;
			children = (
				1386559A2414B80D009DC6C7 /* Actor.swift */,
				138655982414B7D7009DC6C7 /* Movie.swift */,
				133BCFC124192793006F5C6D /* Response.swift */,
				1369875724222BBF008A7E49 /* Credits.swift */,
				13A3380724402ACB001F7D99 /* MovieCredits.swift */,
				1369875B24232218008A7E49 /* Image.swift */,
				13A3380924402DA2001F7D99 /* PersonImages.swift */,
			);
			path = "TMDB Response";
			sourceTree = "<group>";
		};
		1386559D2414BBDF009DC6C7 /* Data */ = {
			isa = PBXGroup;
			children = (
				1386559E2414BBF0009DC6C7 /* APIKeys.swift */,
			);
			path = Data;
			sourceTree = "<group>";
		};
		138655A22414C7A1009DC6C7 /* TMDB Client */ = {
			isa = PBXGroup;
			children = (
				138655A32414C7BF009DC6C7 /* TMDBClient.swift */,
			);
			path = "TMDB Client";
			sourceTree = "<group>";
		};
		138655A52415133C009DC6C7 /* Networking */ = {
			isa = PBXGroup;
			children = (
				138655A624151358009DC6C7 /* WebService.swift */,
			);
			path = Networking;
			sourceTree = "<group>";
		};
		138655A82415F837009DC6C7 /* UIKit */ = {
			isa = PBXGroup;
			children = (
				137F68B0244EB2E50033F880 /* Page View */,
				13A1928824499E4300738EC9 /* Search Bar */,
				13A192812448043C00738EC9 /* Scroll View */,
				1369876124232D30008A7E49 /* Main MovieCollectionView */,
			);
			path = UIKit;
			sourceTree = "<group>";
		};
		138655B32415FF99009DC6C7 /* Image */ = {
			isa = PBXGroup;
			children = (
			);
			path = Image;
			sourceTree = "<group>";
		};
		13A192812448043C00738EC9 /* Scroll View */ = {
			isa = PBXGroup;
			children = (
				13A19282244804B400738EC9 /* ImageScrollView.swift */,
				13A192842448089400738EC9 /* ScrollViewController.swift */,
			);
			path = "Scroll View";
			sourceTree = "<group>";
		};
		13A1928824499E4300738EC9 /* Search Bar */ = {
			isa = PBXGroup;
			children = (
				13A1928924499E6600738EC9 /* SearchBar.swift */,
			);
			path = "Search Bar";
			sourceTree = "<group>";
		};
		13BAFBE623F5369300AAD320 = {
			isa = PBXGroup;
			children = (
				13BAFBF123F5369300AAD320 /* MovieWorld */,
				13BAFBF023F5369300AAD320 /* Products */,
				3849949D98D3B7F30CD8CB3B /* Pods */,
				57BD936EC3E25FAE3C8C1A85 /* Frameworks */,
			);
			sourceTree = "<group>";
		};
		13BAFBF023F5369300AAD320 /* Products */ = {
			isa = PBXGroup;
			children = (
				13BAFBEF23F5369300AAD320 /* MovieWorld.app */,
			);
			name = Products;
			sourceTree = "<group>";
		};
		13BAFBF123F5369300AAD320 /* MovieWorld */ = {
			isa = PBXGroup;
			children = (
				13698754242211CA008A7E49 /* Extension */,
				1369874F241F5517008A7E49 /* Screens */,
				133BCFC3241B3845006F5C6D /* Views */,
				133BCF8724173C43006F5C6D /* View Models */,
				138655B32415FF99009DC6C7 /* Image */,
				138655A82415F837009DC6C7 /* UIKit */,
				138655A52415133C009DC6C7 /* Networking */,
				138655952414B6A0009DC6C7 /* Models */,
				13BAFBF223F5369300AAD320 /* AppDelegate.swift */,
				13BAFBF423F5369300AAD320 /* SceneDelegate.swift */,
				13BAFBF623F5369300AAD320 /* MovieWorldApp.swift */,
				13BAFBF823F5369900AAD320 /* Assets.xcassets */,
				13BAFBFD23F5369900AAD320 /* LaunchScreen.storyboard */,
				13BAFC0023F5369900AAD320 /* Info.plist */,
				13BAFBFA23F5369900AAD320 /* Preview Content */,
				137F68DB244EEE5F0033F880 /* Localizable.strings */,
				13E217AC24077CF100C6E4E8 /* APIKeys.plist */,
				1311591C245817B200A1173E /* GoogleService-Info.plist */,
			);
			path = MovieWorld;
			sourceTree = "<group>";
		};
		13BAFBFA23F5369900AAD320 /* Preview Content */ = {
			isa = PBXGroup;
			children = (
				13BAFBFB23F5369900AAD320 /* Preview Assets.xcassets */,
			);
			path = "Preview Content";
			sourceTree = "<group>";
		};
		3849949D98D3B7F30CD8CB3B /* Pods */ = {
			isa = PBXGroup;
			children = (
				F68D45A1B51D9843FFFD2EED /* Pods-MovieWorld.debug.xcconfig */,
				1794EE338064DB42316B3DA0 /* Pods-MovieWorld.release.xcconfig */,
			);
			path = Pods;
			sourceTree = "<group>";
		};
		57BD936EC3E25FAE3C8C1A85 /* Frameworks */ = {
			isa = PBXGroup;
			children = (
				A4098FDADD0DFA874E0127B8 /* Pods_MovieWorld.framework */,
			);
			name = Frameworks;
			sourceTree = "<group>";
		};
/* End PBXGroup section */

/* Begin PBXNativeTarget section */
		13BAFBEE23F5369300AAD320 /* MovieWorld */ = {
			isa = PBXNativeTarget;
			buildConfigurationList = 13BAFC0323F5369900AAD320 /* Build configuration list for PBXNativeTarget "MovieWorld" */;
			buildPhases = (
				C53BBA0450D4973859CBA84A /* [CP] Check Pods Manifest.lock */,
				13BAFBEB23F5369300AAD320 /* Sources */,
				13BAFBEC23F5369300AAD320 /* Frameworks */,
				13BAFBED23F5369300AAD320 /* Resources */,
				7B845F6271C8956E5D9B01D4 /* [CP] Embed Pods Frameworks */,
			);
			buildRules = (
			);
			dependencies = (
			);
			name = MovieWorld;
			packageProductDependencies = (
				1386562B24162D7E009DC6C7 /* Kingfisher */,
				1386562D24162D7E009DC6C7 /* KingfisherSwiftUI */,
			);
			productName = MovieWorld;
			productReference = 13BAFBEF23F5369300AAD320 /* MovieWorld.app */;
			productType = "com.apple.product-type.application";
		};
/* End PBXNativeTarget section */

/* Begin PBXProject section */
		13BAFBE723F5369300AAD320 /* Project object */ = {
			isa = PBXProject;
			attributes = {
				LastSwiftUpdateCheck = 1130;
				LastUpgradeCheck = 1130;
				ORGANIZATIONNAME = "Haibo Family";
				TargetAttributes = {
					13BAFBEE23F5369300AAD320 = {
						CreatedOnToolsVersion = 11.3.1;
					};
				};
			};
			buildConfigurationList = 13BAFBEA23F5369300AAD320 /* Build configuration list for PBXProject "MovieWorld" */;
			compatibilityVersion = "Xcode 9.3";
			developmentRegion = en;
			hasScannedForEncodings = 0;
			knownRegions = (
				en,
				Base,
				"zh-Hans",
			);
			mainGroup = 13BAFBE623F5369300AAD320;
			packageReferences = (
				1386562A24162D7E009DC6C7 /* XCRemoteSwiftPackageReference "Kingfisher" */,
			);
			productRefGroup = 13BAFBF023F5369300AAD320 /* Products */;
			projectDirPath = "";
			projectRoot = "";
			targets = (
				13BAFBEE23F5369300AAD320 /* MovieWorld */,
			);
		};
/* End PBXProject section */

/* Begin PBXResourcesBuildPhase section */
		13BAFBED23F5369300AAD320 /* Resources */ = {
			isa = PBXResourcesBuildPhase;
			buildActionMask = 2147483647;
			files = (
				137F68D9244EEE5F0033F880 /* Localizable.strings in Resources */,
				13BAFBFF23F5369900AAD320 /* LaunchScreen.storyboard in Resources */,
				13E217AD24077CF100C6E4E8 /* APIKeys.plist in Resources */,
				13BAFBFC23F5369900AAD320 /* Preview Assets.xcassets in Resources */,
				13BAFBF923F5369900AAD320 /* Assets.xcassets in Resources */,
				1311591D245817B200A1173E /* GoogleService-Info.plist in Resources */,
			);
			runOnlyForDeploymentPostprocessing = 0;
		};
/* End PBXResourcesBuildPhase section */

/* Begin PBXShellScriptBuildPhase section */
		7B845F6271C8956E5D9B01D4 /* [CP] Embed Pods Frameworks */ = {
			isa = PBXShellScriptBuildPhase;
			buildActionMask = 2147483647;
			files = (
			);
			inputFileListPaths = (
				"${PODS_ROOT}/Target Support Files/Pods-MovieWorld/Pods-MovieWorld-frameworks-${CONFIGURATION}-input-files.xcfilelist",
			);
			name = "[CP] Embed Pods Frameworks";
			outputFileListPaths = (
				"${PODS_ROOT}/Target Support Files/Pods-MovieWorld/Pods-MovieWorld-frameworks-${CONFIGURATION}-output-files.xcfilelist",
			);
			runOnlyForDeploymentPostprocessing = 0;
			shellPath = /bin/sh;
			shellScript = "\"${PODS_ROOT}/Target Support Files/Pods-MovieWorld/Pods-MovieWorld-frameworks.sh\"\n";
			showEnvVarsInLog = 0;
		};
		C53BBA0450D4973859CBA84A /* [CP] Check Pods Manifest.lock */ = {
			isa = PBXShellScriptBuildPhase;
			buildActionMask = 2147483647;
			files = (
			);
			inputFileListPaths = (
			);
			inputPaths = (
				"${PODS_PODFILE_DIR_PATH}/Podfile.lock",
				"${PODS_ROOT}/Manifest.lock",
			);
			name = "[CP] Check Pods Manifest.lock";
			outputFileListPaths = (
			);
			outputPaths = (
				"$(DERIVED_FILE_DIR)/Pods-MovieWorld-checkManifestLockResult.txt",
			);
			runOnlyForDeploymentPostprocessing = 0;
			shellPath = /bin/sh;
			shellScript = "diff \"${PODS_PODFILE_DIR_PATH}/Podfile.lock\" \"${PODS_ROOT}/Manifest.lock\" > /dev/null\nif [ $? != 0 ] ; then\n    # print error to STDERR\n    echo \"error: The sandbox is not in sync with the Podfile.lock. Run 'pod install' or update your CocoaPods installation.\" >&2\n    exit 1\nfi\n# This output is used by Xcode 'outputs' to avoid re-running this script phase.\necho \"SUCCESS\" > \"${SCRIPT_OUTPUT_FILE_0}\"\n";
			showEnvVarsInLog = 0;
		};
/* End PBXShellScriptBuildPhase section */

/* Begin PBXSourcesBuildPhase section */
		13BAFBEB23F5369300AAD320 /* Sources */ = {
			isa = PBXSourcesBuildPhase;
			buildActionMask = 2147483647;
			files = (
				13A33804243F49A2001F7D99 /* SinglePersonView.swift in Sources */,
				137F68B3244EB2E50033F880 /* PageViewController.swift in Sources */,
				138655A724151358009DC6C7 /* WebService.swift in Sources */,
				13A92A8024441A7900E74A8A /* MovieListRow.swift in Sources */,
				133BCF8A24174A5A006F5C6D /* MovieListViewModel.swift in Sources */,
				13A3380824402ACB001F7D99 /* MovieCredits.swift in Sources */,
				13A1928A24499E6600738EC9 /* SearchBar.swift in Sources */,
				13A3380C24406388001F7D99 /* PersonMovieViewModel.swift in Sources */,
				138655AA2415F992009DC6C7 /* NowPlayingCell.swift in Sources */,
				13A3380A24402DA2001F7D99 /* PersonImages.swift in Sources */,
				1386559F2414BBF0009DC6C7 /* APIKeys.swift in Sources */,
				138655AC2415F9B4009DC6C7 /* PopularCell.swift in Sources */,
				133BCFC224192793006F5C6D /* Response.swift in Sources */,
				138655A42414C7BF009DC6C7 /* TMDBClient.swift in Sources */,
				13A19283244804B500738EC9 /* ImageScrollView.swift in Sources */,
				13BAFBF323F5369300AAD320 /* AppDelegate.swift in Sources */,
				13BAFBF523F5369300AAD320 /* SceneDelegate.swift in Sources */,
				138655B22415F9DE009DC6C7 /* MovieCollectionView.swift in Sources */,
				13698753241F5851008A7E49 /* MovieDetailView.swift in Sources */,
				13698751241F552F008A7E49 /* SingleMovieView.swift in Sources */,
				1369876C24236A16008A7E49 /* CastCell.swift in Sources */,
				1369876E24236A56008A7E49 /* ImageCell.swift in Sources */,
				138655AE2415F9BD009DC6C7 /* UpcomingCell.swift in Sources */,
				1311591B2457007300A1173E /* StarRatingView.swift in Sources */,
				133BCF8C24176D23006F5C6D /* MovieBundle.swift in Sources */,
				13698766242359CD008A7E49 /* ImageViewModel.swift in Sources */,
				1369877024236AD6008A7E49 /* RecMovieCell.swift in Sources */,
				1369876A2423693D008A7E49 /* CrewCell.swift in Sources */,
				138655992414B7D7009DC6C7 /* Movie.swift in Sources */,
				13A33806243F49CB001F7D99 /* PersonDetailView.swift in Sources */,
				133BCFC5241B3862006F5C6D /* LoadingView.swift in Sources */,
				13698764242359C0008A7E49 /* CrewViewModel.swift in Sources */,
				13F0BC9F2458432700695F6F /* BannerView.swift in Sources */,
				133BCF8624165B53006F5C6D /* ActorViewModel.swift in Sources */,
				13A192852448089400738EC9 /* ScrollViewController.swift in Sources */,
				13A192802446B45400738EC9 /* ActorListRow.swift in Sources */,
				13698756242211E0008A7E49 /* ColorExt.swift in Sources */,
				13A19287244986B000738EC9 /* MovieSearchView.swift in Sources */,
				1369875C24232218008A7E49 /* Image.swift in Sources */,
				1386562924162AED009DC6C7 /* MovieViewModel.swift in Sources */,
				13A3380E24406A84001F7D99 /* PersonImageViewModel.swift in Sources */,
				13A1927E2446B03500738EC9 /* ActorListView.swift in Sources */,
				1369876824235F85008A7E49 /* CastViewModel.swift in Sources */,
				13BAFBF723F5369300AAD320 /* MovieWorldApp.swift in Sources */,
				133BCF8424165A81006F5C6D /* PopularActorCell.swift in Sources */,
				1386559B2414B80D009DC6C7 /* Actor.swift in Sources */,
				137F68B4244EB2E50033F880 /* PageView.swift in Sources */,
				13A92A7E244410FB00E74A8A /* MovieListView.swift in Sources */,
				1369875824222BBF008A7E49 /* Credits.swift in Sources */,
				138655B02415F9CA009DC6C7 /* HeaderView.swift in Sources */,
				13A92A8224441AB100E74A8A /* LineRatingView.swift in Sources */,
			);
			runOnlyForDeploymentPostprocessing = 0;
		};
/* End PBXSourcesBuildPhase section */

/* Begin PBXVariantGroup section */
		137F68DB244EEE5F0033F880 /* Localizable.strings */ = {
			isa = PBXVariantGroup;
			children = (
				137F68DA244EEE5F0033F880 /* en */,
				137F68DC244EF19B0033F880 /* zh-Hans */,
			);
			name = Localizable.strings;
			sourceTree = "<group>";
		};
		13BAFBFD23F5369900AAD320 /* LaunchScreen.storyboard */ = {
			isa = PBXVariantGroup;
			children = (
				13BAFBFE23F5369900AAD320 /* Base */,
			);
			name = LaunchScreen.storyboard;
			sourceTree = "<group>";
		};
/* End PBXVariantGroup section */

/* Begin XCBuildConfiguration section */
		13BAFC0123F5369900AAD320 /* Debug */ = {
			isa = XCBuildConfiguration;
			buildSettings = {
				ALWAYS_SEARCH_USER_PATHS = NO;
				CLANG_ANALYZER_LOCALIZABILITY_NONLOCALIZED = YES;
				CLANG_ANALYZER_NONNULL = YES;
				CLANG_ANALYZER_NUMBER_OBJECT_CONVERSION = YES_AGGRESSIVE;
				CLANG_CXX_LANGUAGE_STANDARD = "gnu++14";
				CLANG_CXX_LIBRARY = "libc++";
				CLANG_ENABLE_MODULES = YES;
				CLANG_ENABLE_OBJC_ARC = YES;
				CLANG_ENABLE_OBJC_WEAK = YES;
				CLANG_WARN_BLOCK_CAPTURE_AUTORELEASING = YES;
				CLANG_WARN_BOOL_CONVERSION = YES;
				CLANG_WARN_COMMA = YES;
				CLANG_WARN_CONSTANT_CONVERSION = YES;
				CLANG_WARN_DEPRECATED_OBJC_IMPLEMENTATIONS = YES;
				CLANG_WARN_DIRECT_OBJC_ISA_USAGE = YES_ERROR;
				CLANG_WARN_DOCUMENTATION_COMMENTS = YES;
				CLANG_WARN_EMPTY_BODY = YES;
				CLANG_WARN_ENUM_CONVERSION = YES;
				CLANG_WARN_INFINITE_RECURSION = YES;
				CLANG_WARN_INT_CONVERSION = YES;
				CLANG_WARN_NON_LITERAL_NULL_CONVERSION = YES;
				CLANG_WARN_OBJC_IMPLICIT_RETAIN_SELF = YES;
				CLANG_WARN_OBJC_LITERAL_CONVERSION = YES;
				CLANG_WARN_OBJC_ROOT_CLASS = YES_ERROR;
				CLANG_WARN_RANGE_LOOP_ANALYSIS = YES;
				CLANG_WARN_STRICT_PROTOTYPES = YES;
				CLANG_WARN_SUSPICIOUS_MOVE = YES;
				CLANG_WARN_UNGUARDED_AVAILABILITY = YES_AGGRESSIVE;
				CLANG_WARN_UNREACHABLE_CODE = YES;
				CLANG_WARN__DUPLICATE_METHOD_MATCH = YES;
				COPY_PHASE_STRIP = NO;
				DEBUG_INFORMATION_FORMAT = dwarf;
				ENABLE_STRICT_OBJC_MSGSEND = YES;
				ENABLE_TESTABILITY = YES;
				GCC_C_LANGUAGE_STANDARD = gnu11;
				GCC_DYNAMIC_NO_PIC = NO;
				GCC_NO_COMMON_BLOCKS = YES;
				GCC_OPTIMIZATION_LEVEL = 0;
				GCC_PREPROCESSOR_DEFINITIONS = (
					"DEBUG=1",
					"$(inherited)",
				);
				GCC_WARN_64_TO_32_BIT_CONVERSION = YES;
				GCC_WARN_ABOUT_RETURN_TYPE = YES_ERROR;
				GCC_WARN_UNDECLARED_SELECTOR = YES;
				GCC_WARN_UNINITIALIZED_AUTOS = YES_AGGRESSIVE;
				GCC_WARN_UNUSED_FUNCTION = YES;
				GCC_WARN_UNUSED_VARIABLE = YES;
				IPHONEOS_DEPLOYMENT_TARGET = 13.2;
				MTL_ENABLE_DEBUG_INFO = INCLUDE_SOURCE;
				MTL_FAST_MATH = YES;
				ONLY_ACTIVE_ARCH = YES;
				SDKROOT = iphoneos;
				SWIFT_ACTIVE_COMPILATION_CONDITIONS = DEBUG;
				SWIFT_OPTIMIZATION_LEVEL = "-Onone";
			};
			name = Debug;
		};
		13BAFC0223F5369900AAD320 /* Release */ = {
			isa = XCBuildConfiguration;
			buildSettings = {
				ALWAYS_SEARCH_USER_PATHS = NO;
				CLANG_ANALYZER_LOCALIZABILITY_NONLOCALIZED = YES;
				CLANG_ANALYZER_NONNULL = YES;
				CLANG_ANALYZER_NUMBER_OBJECT_CONVERSION = YES_AGGRESSIVE;
				CLANG_CXX_LANGUAGE_STANDARD = "gnu++14";
				CLANG_CXX_LIBRARY = "libc++";
				CLANG_ENABLE_MODULES = YES;
				CLANG_ENABLE_OBJC_ARC = YES;
				CLANG_ENABLE_OBJC_WEAK = YES;
				CLANG_WARN_BLOCK_CAPTURE_AUTORELEASING = YES;
				CLANG_WARN_BOOL_CONVERSION = YES;
				CLANG_WARN_COMMA = YES;
				CLANG_WARN_CONSTANT_CONVERSION = YES;
				CLANG_WARN_DEPRECATED_OBJC_IMPLEMENTATIONS = YES;
				CLANG_WARN_DIRECT_OBJC_ISA_USAGE = YES_ERROR;
				CLANG_WARN_DOCUMENTATION_COMMENTS = YES;
				CLANG_WARN_EMPTY_BODY = YES;
				CLANG_WARN_ENUM_CONVERSION = YES;
				CLANG_WARN_INFINITE_RECURSION = YES;
				CLANG_WARN_INT_CONVERSION = YES;
				CLANG_WARN_NON_LITERAL_NULL_CONVERSION = YES;
				CLANG_WARN_OBJC_IMPLICIT_RETAIN_SELF = YES;
				CLANG_WARN_OBJC_LITERAL_CONVERSION = YES;
				CLANG_WARN_OBJC_ROOT_CLASS = YES_ERROR;
				CLANG_WARN_RANGE_LOOP_ANALYSIS = YES;
				CLANG_WARN_STRICT_PROTOTYPES = YES;
				CLANG_WARN_SUSPICIOUS_MOVE = YES;
				CLANG_WARN_UNGUARDED_AVAILABILITY = YES_AGGRESSIVE;
				CLANG_WARN_UNREACHABLE_CODE = YES;
				CLANG_WARN__DUPLICATE_METHOD_MATCH = YES;
				COPY_PHASE_STRIP = NO;
				DEBUG_INFORMATION_FORMAT = "dwarf-with-dsym";
				ENABLE_NS_ASSERTIONS = NO;
				ENABLE_STRICT_OBJC_MSGSEND = YES;
				GCC_C_LANGUAGE_STANDARD = gnu11;
				GCC_NO_COMMON_BLOCKS = YES;
				GCC_WARN_64_TO_32_BIT_CONVERSION = YES;
				GCC_WARN_ABOUT_RETURN_TYPE = YES_ERROR;
				GCC_WARN_UNDECLARED_SELECTOR = YES;
				GCC_WARN_UNINITIALIZED_AUTOS = YES_AGGRESSIVE;
				GCC_WARN_UNUSED_FUNCTION = YES;
				GCC_WARN_UNUSED_VARIABLE = YES;
				IPHONEOS_DEPLOYMENT_TARGET = 13.2;
				MTL_ENABLE_DEBUG_INFO = NO;
				MTL_FAST_MATH = YES;
				SDKROOT = iphoneos;
				SWIFT_COMPILATION_MODE = wholemodule;
				SWIFT_OPTIMIZATION_LEVEL = "-O";
				VALIDATE_PRODUCT = YES;
			};
			name = Release;
		};
		13BAFC0423F5369900AAD320 /* Debug */ = {
			isa = XCBuildConfiguration;
			baseConfigurationReference = F68D45A1B51D9843FFFD2EED /* Pods-MovieWorld.debug.xcconfig */;
			buildSettings = {
				ASSETCATALOG_COMPILER_APPICON_NAME = AppIcon;
				CODE_SIGN_STYLE = Automatic;
				CURRENT_PROJECT_VERSION = 1.0.7;
				DEVELOPMENT_ASSET_PATHS = "\"MovieWorld/Preview Content\"";
				DEVELOPMENT_TEAM = BV97A5VZCV;
				ENABLE_PREVIEWS = YES;
				INFOPLIST_FILE = MovieWorld/Info.plist;
				LD_RUNPATH_SEARCH_PATHS = (
					"$(inherited)",
					"@executable_path/Frameworks",
				);
				MARKETING_VERSION = 1.0;
				PRODUCT_BUNDLE_IDENTIFIER = com.chuck.family.moviefans;
				PRODUCT_NAME = "$(TARGET_NAME)";
				SWIFT_VERSION = 5.0;
				TARGETED_DEVICE_FAMILY = 1;
			};
			name = Debug;
		};
		13BAFC0523F5369900AAD320 /* Release */ = {
			isa = XCBuildConfiguration;
			baseConfigurationReference = 1794EE338064DB42316B3DA0 /* Pods-MovieWorld.release.xcconfig */;
			buildSettings = {
				ASSETCATALOG_COMPILER_APPICON_NAME = AppIcon;
				CODE_SIGN_STYLE = Automatic;
				CURRENT_PROJECT_VERSION = 1.0.7;
				DEVELOPMENT_ASSET_PATHS = "\"MovieWorld/Preview Content\"";
				DEVELOPMENT_TEAM = BV97A5VZCV;
				ENABLE_PREVIEWS = YES;
				INFOPLIST_FILE = MovieWorld/Info.plist;
				LD_RUNPATH_SEARCH_PATHS = (
					"$(inherited)",
					"@executable_path/Frameworks",
				);
				MARKETING_VERSION = 1.0;
				PRODUCT_BUNDLE_IDENTIFIER = com.chuck.family.moviefans;
				PRODUCT_NAME = "$(TARGET_NAME)";
				SWIFT_VERSION = 5.0;
				TARGETED_DEVICE_FAMILY = 1;
			};
			name = Release;
		};
/* End XCBuildConfiguration section */

/* Begin XCConfigurationList section */
		13BAFBEA23F5369300AAD320 /* Build configuration list for PBXProject "MovieWorld" */ = {
			isa = XCConfigurationList;
			buildConfigurations = (
				13BAFC0123F5369900AAD320 /* Debug */,
				13BAFC0223F5369900AAD320 /* Release */,
			);
			defaultConfigurationIsVisible = 0;
			defaultConfigurationName = Release;
		};
		13BAFC0323F5369900AAD320 /* Build configuration list for PBXNativeTarget "MovieWorld" */ = {
			isa = XCConfigurationList;
			buildConfigurations = (
				13BAFC0423F5369900AAD320 /* Debug */,
				13BAFC0523F5369900AAD320 /* Release */,
			);
			defaultConfigurationIsVisible = 0;
			defaultConfigurationName = Release;
		};
/* End XCConfigurationList section */

/* Begin XCRemoteSwiftPackageReference section */
		1386562A24162D7E009DC6C7 /* XCRemoteSwiftPackageReference "Kingfisher" */ = {
			isa = XCRemoteSwiftPackageReference;
			repositoryURL = "https://github.com/onevcat/Kingfisher.git";
			requirement = {
				kind = upToNextMajorVersion;
				minimumVersion = 5.13.2;
			};
		};
/* End XCRemoteSwiftPackageReference section */

/* Begin XCSwiftPackageProductDependency section */
		1386562B24162D7E009DC6C7 /* Kingfisher */ = {
			isa = XCSwiftPackageProductDependency;
			package = 1386562A24162D7E009DC6C7 /* XCRemoteSwiftPackageReference "Kingfisher" */;
			productName = Kingfisher;
		};
		1386562D24162D7E009DC6C7 /* KingfisherSwiftUI */ = {
			isa = XCSwiftPackageProductDependency;
			package = 1386562A24162D7E009DC6C7 /* XCRemoteSwiftPackageReference "Kingfisher" */;
			productName = KingfisherSwiftUI;
		};
/* End XCSwiftPackageProductDependency section */
	};
	rootObject = 13BAFBE723F5369300AAD320 /* Project object */;
}
